// !$*UTF8*$!
{
	archiveVersion = 1;
	classes = {
	};
	objectVersion = 46;
	objects = {

/* Begin PBXBuildFile section */
		228FFFC019ACD5AE000E1A03 /* AppDelegate.swift in Sources */ = {isa = PBXBuildFile; fileRef = 228FFFBF19ACD5AE000E1A03 /* AppDelegate.swift */; };
		228FFFC519ACD5AE000E1A03 /* Main.storyboard in Resources */ = {isa = PBXBuildFile; fileRef = 228FFFC319ACD5AE000E1A03 /* Main.storyboard */; };
		228FFFC719ACD5AE000E1A03 /* Images.xcassets in Resources */ = {isa = PBXBuildFile; fileRef = 228FFFC619ACD5AE000E1A03 /* Images.xcassets */; };
		228FFFD319ACD5AE000E1A03 /* Swifty_ParseTests.swift in Sources */ = {isa = PBXBuildFile; fileRef = 228FFFD219ACD5AE000E1A03 /* Swifty_ParseTests.swift */; };
		228FFFDE19ACD60E000E1A03 /* FacesTVC.swift in Sources */ = {isa = PBXBuildFile; fileRef = 228FFFDD19ACD60E000E1A03 /* FacesTVC.swift */; };
		22D30FB419AE10F7002F2365 /* Parse.framework in Frameworks */ = {isa = PBXBuildFile; fileRef = 22D30FB319AE10F7002F2365 /* Parse.framework */; };
		22D30FBF19AE1656002F2365 /* Bolts.framework in Frameworks */ = {isa = PBXBuildFile; fileRef = 22D30FBE19AE1656002F2365 /* Bolts.framework */; };
		22DE672C19AD0D2F003815BC /* AudioToolbox.framework in Frameworks */ = {isa = PBXBuildFile; fileRef = 22DE672B19AD0D2F003815BC /* AudioToolbox.framework */; };
		22DE672E19AD0D38003815BC /* CFNetwork.framework in Frameworks */ = {isa = PBXBuildFile; fileRef = 22DE672D19AD0D38003815BC /* CFNetwork.framework */; };
		22DE673019AD0D45003815BC /* CoreGraphics.framework in Frameworks */ = {isa = PBXBuildFile; fileRef = 22DE672F19AD0D45003815BC /* CoreGraphics.framework */; };
		22DE673219AD0D4F003815BC /* CoreLocation.framework in Frameworks */ = {isa = PBXBuildFile; fileRef = 22DE673119AD0D4F003815BC /* CoreLocation.framework */; };
		22DE673419AD0D60003815BC /* libz.dylib in Frameworks */ = {isa = PBXBuildFile; fileRef = 22DE673319AD0D60003815BC /* libz.dylib */; };
		22DE673619AD0D7E003815BC /* MobileCoreServices.framework in Frameworks */ = {isa = PBXBuildFile; fileRef = 22DE673519AD0D7E003815BC /* MobileCoreServices.framework */; };
		22DE673819AD0D89003815BC /* QuartzCore.framework in Frameworks */ = {isa = PBXBuildFile; fileRef = 22DE673719AD0D89003815BC /* QuartzCore.framework */; };
		22DE673A19AD0D92003815BC /* Security.framework in Frameworks */ = {isa = PBXBuildFile; fileRef = 22DE673919AD0D92003815BC /* Security.framework */; };
		22DE673C19AD0DA0003815BC /* StoreKit.framework in Frameworks */ = {isa = PBXBuildFile; fileRef = 22DE673B19AD0DA0003815BC /* StoreKit.framework */; };
		22DE673E19AD0DB2003815BC /* SystemConfiguration.framework in Frameworks */ = {isa = PBXBuildFile; fileRef = 22DE673D19AD0DB2003815BC /* SystemConfiguration.framework */; };
/* End PBXBuildFile section */

/* Begin PBXContainerItemProxy section */
		228FFFCD19ACD5AE000E1A03 /* PBXContainerItemProxy */ = {
			isa = PBXContainerItemProxy;
			containerPortal = 228FFFB219ACD5AE000E1A03 /* Project object */;
			proxyType = 1;
			remoteGlobalIDString = 228FFFB919ACD5AE000E1A03;
			remoteInfo = "Swifty Parse";
		};
/* End PBXContainerItemProxy section */

/* Begin PBXFileReference section */
		228FFFBA19ACD5AE000E1A03 /* Swifty Parse.app */ = {isa = PBXFileReference; explicitFileType = wrapper.application; includeInIndex = 0; path = "Swifty Parse.app"; sourceTree = BUILT_PRODUCTS_DIR; };
		228FFFBE19ACD5AE000E1A03 /* Info.plist */ = {isa = PBXFileReference; lastKnownFileType = text.plist.xml; path = Info.plist; sourceTree = "<group>"; };
		228FFFBF19ACD5AE000E1A03 /* AppDelegate.swift */ = {isa = PBXFileReference; lastKnownFileType = sourcecode.swift; path = AppDelegate.swift; sourceTree = "<group>"; };
		228FFFC419ACD5AE000E1A03 /* Base */ = {isa = PBXFileReference; lastKnownFileType = file.storyboard; name = Base; path = Base.lproj/Main.storyboard; sourceTree = "<group>"; };
		228FFFC619ACD5AE000E1A03 /* Images.xcassets */ = {isa = PBXFileReference; lastKnownFileType = folder.assetcatalog; path = Images.xcassets; sourceTree = "<group>"; };
		228FFFCC19ACD5AE000E1A03 /* Swifty ParseTests.xctest */ = {isa = PBXFileReference; explicitFileType = wrapper.cfbundle; includeInIndex = 0; path = "Swifty ParseTests.xctest"; sourceTree = BUILT_PRODUCTS_DIR; };
		228FFFD119ACD5AE000E1A03 /* Info.plist */ = {isa = PBXFileReference; lastKnownFileType = text.plist.xml; path = Info.plist; sourceTree = "<group>"; };
		228FFFD219ACD5AE000E1A03 /* Swifty_ParseTests.swift */ = {isa = PBXFileReference; lastKnownFileType = sourcecode.swift; path = Swifty_ParseTests.swift; sourceTree = "<group>"; };
		228FFFDD19ACD60E000E1A03 /* FacesTVC.swift */ = {isa = PBXFileReference; fileEncoding = 4; lastKnownFileType = sourcecode.swift; path = FacesTVC.swift; sourceTree = "<group>"; };
		22D30FB319AE10F7002F2365 /* Parse.framework */ = {isa = PBXFileReference; lastKnownFileType = wrapper.framework; name = Parse.framework; path = "../../../../Downloads/parse-library-1.2.21/Parse.framework"; sourceTree = "<group>"; };
		22D30FBE19AE1656002F2365 /* Bolts.framework */ = {isa = PBXFileReference; lastKnownFileType = wrapper.framework; name = Bolts.framework; path = "../../../../Downloads/parse-library-1.2.21/Bolts.framework"; sourceTree = "<group>"; };
		22DE672B19AD0D2F003815BC /* AudioToolbox.framework */ = {isa = PBXFileReference; lastKnownFileType = wrapper.framework; name = AudioToolbox.framework; path = System/Library/Frameworks/AudioToolbox.framework; sourceTree = SDKROOT; };
		22DE672D19AD0D38003815BC /* CFNetwork.framework */ = {isa = PBXFileReference; lastKnownFileType = wrapper.framework; name = CFNetwork.framework; path = System/Library/Frameworks/CFNetwork.framework; sourceTree = SDKROOT; };
		22DE672F19AD0D45003815BC /* CoreGraphics.framework */ = {isa = PBXFileReference; lastKnownFileType = wrapper.framework; name = CoreGraphics.framework; path = System/Library/Frameworks/CoreGraphics.framework; sourceTree = SDKROOT; };
		22DE673119AD0D4F003815BC /* CoreLocation.framework */ = {isa = PBXFileReference; lastKnownFileType = wrapper.framework; name = CoreLocation.framework; path = System/Library/Frameworks/CoreLocation.framework; sourceTree = SDKROOT; };
		22DE673319AD0D60003815BC /* libz.dylib */ = {isa = PBXFileReference; lastKnownFileType = "compiled.mach-o.dylib"; name = libz.dylib; path = usr/lib/libz.dylib; sourceTree = SDKROOT; };
		22DE673519AD0D7E003815BC /* MobileCoreServices.framework */ = {isa = PBXFileReference; lastKnownFileType = wrapper.framework; name = MobileCoreServices.framework; path = System/Library/Frameworks/MobileCoreServices.framework; sourceTree = SDKROOT; };
		22DE673719AD0D89003815BC /* QuartzCore.framework */ = {isa = PBXFileReference; lastKnownFileType = wrapper.framework; name = QuartzCore.framework; path = System/Library/Frameworks/QuartzCore.framework; sourceTree = SDKROOT; };
		22DE673919AD0D92003815BC /* Security.framework */ = {isa = PBXFileReference; lastKnownFileType = wrapper.framework; name = Security.framework; path = System/Library/Frameworks/Security.framework; sourceTree = SDKROOT; };
		22DE673B19AD0DA0003815BC /* StoreKit.framework */ = {isa = PBXFileReference; lastKnownFileType = wrapper.framework; name = StoreKit.framework; path = System/Library/Frameworks/StoreKit.framework; sourceTree = SDKROOT; };
		22DE673D19AD0DB2003815BC /* SystemConfiguration.framework */ = {isa = PBXFileReference; lastKnownFileType = wrapper.framework; name = SystemConfiguration.framework; path = System/Library/Frameworks/SystemConfiguration.framework; sourceTree = SDKROOT; };
		22F772DC19AD0B49003AC6FC /* Swifty Parse-Bridging-Header.h */ = {isa = PBXFileReference; lastKnownFileType = sourcecode.c.h; path = "Swifty Parse-Bridging-Header.h"; sourceTree = "<group>"; };
/* End PBXFileReference section */

/* Begin PBXFrameworksBuildPhase section */
		228FFFB719ACD5AE000E1A03 /* Frameworks */ = {
			isa = PBXFrameworksBuildPhase;
			buildActionMask = 2147483647;
			files = (
				22DE673E19AD0DB2003815BC /* SystemConfiguration.framework in Frameworks */,
				22DE673C19AD0DA0003815BC /* StoreKit.framework in Frameworks */,
				22DE673A19AD0D92003815BC /* Security.framework in Frameworks */,
				22D30FBF19AE1656002F2365 /* Bolts.framework in Frameworks */,
				22DE673819AD0D89003815BC /* QuartzCore.framework in Frameworks */,
				22DE673619AD0D7E003815BC /* MobileCoreServices.framework in Frameworks */,
				22DE673419AD0D60003815BC /* libz.dylib in Frameworks */,
				22D30FB419AE10F7002F2365 /* Parse.framework in Frameworks */,
				22DE673219AD0D4F003815BC /* CoreLocation.framework in Frameworks */,
				22DE673019AD0D45003815BC /* CoreGraphics.framework in Frameworks */,
				22DE672E19AD0D38003815BC /* CFNetwork.framework in Frameworks */,
				22DE672C19AD0D2F003815BC /* AudioToolbox.framework in Frameworks */,
			);
			runOnlyForDeploymentPostprocessing = 0;
		};
		228FFFC919ACD5AE000E1A03 /* Frameworks */ = {
			isa = PBXFrameworksBuildPhase;
			buildActionMask = 2147483647;
			files = (
			);
			runOnlyForDeploymentPostprocessing = 0;
		};
/* End PBXFrameworksBuildPhase section */

/* Begin PBXGroup section */
		228FFFB119ACD5AE000E1A03 = {
			isa = PBXGroup;
			children = (
				228FFFBC19ACD5AE000E1A03 /* Swifty Parse */,
				228FFFCF19ACD5AE000E1A03 /* Swifty ParseTests */,
				228FFFBB19ACD5AE000E1A03 /* Products */,
				22F772DC19AD0B49003AC6FC /* Swifty Parse-Bridging-Header.h */,
				22DE673F19AD0DD5003815BC /* FrameWorks */,
			);
			sourceTree = "<group>";
		};
		228FFFBB19ACD5AE000E1A03 /* Products */ = {
			isa = PBXGroup;
			children = (
				228FFFBA19ACD5AE000E1A03 /* Swifty Parse.app */,
				228FFFCC19ACD5AE000E1A03 /* Swifty ParseTests.xctest */,
			);
			name = Products;
			sourceTree = "<group>";
		};
		228FFFBC19ACD5AE000E1A03 /* Swifty Parse */ = {
			isa = PBXGroup;
			children = (
				228FFFBF19ACD5AE000E1A03 /* AppDelegate.swift */,
				228FFFDD19ACD60E000E1A03 /* FacesTVC.swift */,
				228FFFC319ACD5AE000E1A03 /* Main.storyboard */,
				228FFFC619ACD5AE000E1A03 /* Images.xcassets */,
				228FFFBD19ACD5AE000E1A03 /* Supporting Files */,
			);
			path = "Swifty Parse";
			sourceTree = "<group>";
		};
		228FFFBD19ACD5AE000E1A03 /* Supporting Files */ = {
			isa = PBXGroup;
			children = (
				228FFFBE19ACD5AE000E1A03 /* Info.plist */,
			);
			name = "Supporting Files";
			sourceTree = "<group>";
		};
		228FFFCF19ACD5AE000E1A03 /* Swifty ParseTests */ = {
			isa = PBXGroup;
			children = (
				228FFFD219ACD5AE000E1A03 /* Swifty_ParseTests.swift */,
				228FFFD019ACD5AE000E1A03 /* Supporting Files */,
			);
			path = "Swifty ParseTests";
			sourceTree = "<group>";
		};
		228FFFD019ACD5AE000E1A03 /* Supporting Files */ = {
			isa = PBXGroup;
			children = (
				228FFFD119ACD5AE000E1A03 /* Info.plist */,
			);
			name = "Supporting Files";
			sourceTree = "<group>";
		};
		22DE673F19AD0DD5003815BC /* FrameWorks */ = {
			isa = PBXGroup;
			children = (
				22D30FBE19AE1656002F2365 /* Bolts.framework */,
				22DE673D19AD0DB2003815BC /* SystemConfiguration.framework */,
				22DE673B19AD0DA0003815BC /* StoreKit.framework */,
				22DE673919AD0D92003815BC /* Security.framework */,
				22DE673719AD0D89003815BC /* QuartzCore.framework */,
				22DE673519AD0D7E003815BC /* MobileCoreServices.framework */,
				22DE673319AD0D60003815BC /* libz.dylib */,
				22D30FB319AE10F7002F2365 /* Parse.framework */,
				22DE673119AD0D4F003815BC /* CoreLocation.framework */,
				22DE672F19AD0D45003815BC /* CoreGraphics.framework */,
				22DE672D19AD0D38003815BC /* CFNetwork.framework */,
				22DE672B19AD0D2F003815BC /* AudioToolbox.framework */,
			);
			name = FrameWorks;
			sourceTree = "<group>";
		};
/* End PBXGroup section */

/* Begin PBXNativeTarget section */
		228FFFB919ACD5AE000E1A03 /* Swifty Parse */ = {
			isa = PBXNativeTarget;
			buildConfigurationList = 228FFFD619ACD5AE000E1A03 /* Build configuration list for PBXNativeTarget "Swifty Parse" */;
			buildPhases = (
				228FFFB619ACD5AE000E1A03 /* Sources */,
				228FFFB719ACD5AE000E1A03 /* Frameworks */,
				228FFFB819ACD5AE000E1A03 /* Resources */,
			);
			buildRules = (
			);
			dependencies = (
			);
			name = "Swifty Parse";
			productName = "Swifty Parse";
			productReference = 228FFFBA19ACD5AE000E1A03 /* Swifty Parse.app */;
			productType = "com.apple.product-type.application";
		};
		228FFFCB19ACD5AE000E1A03 /* Swifty ParseTests */ = {
			isa = PBXNativeTarget;
			buildConfigurationList = 228FFFD919ACD5AE000E1A03 /* Build configuration list for PBXNativeTarget "Swifty ParseTests" */;
			buildPhases = (
				228FFFC819ACD5AE000E1A03 /* Sources */,
				228FFFC919ACD5AE000E1A03 /* Frameworks */,
				228FFFCA19ACD5AE000E1A03 /* Resources */,
			);
			buildRules = (
			);
			dependencies = (
				228FFFCE19ACD5AE000E1A03 /* PBXTargetDependency */,
			);
			name = "Swifty ParseTests";
			productName = "Swifty ParseTests";
			productReference = 228FFFCC19ACD5AE000E1A03 /* Swifty ParseTests.xctest */;
			productType = "com.apple.product-type.bundle.unit-test";
		};
/* End PBXNativeTarget section */

/* Begin PBXProject section */
		228FFFB219ACD5AE000E1A03 /* Project object */ = {
			isa = PBXProject;
			attributes = {
				LastUpgradeCheck = 0600;
				ORGANIZATIONNAME = "Merritt Tidwell";
				TargetAttributes = {
					228FFFB919ACD5AE000E1A03 = {
						CreatedOnToolsVersion = 6.0;
					};
					228FFFCB19ACD5AE000E1A03 = {
						CreatedOnToolsVersion = 6.0;
						TestTargetID = 228FFFB919ACD5AE000E1A03;
					};
				};
			};
			buildConfigurationList = 228FFFB519ACD5AE000E1A03 /* Build configuration list for PBXProject "Swifty Parse" */;
			compatibilityVersion = "Xcode 3.2";
			developmentRegion = English;
			hasScannedForEncodings = 0;
			knownRegions = (
				en,
				Base,
			);
			mainGroup = 228FFFB119ACD5AE000E1A03;
			productRefGroup = 228FFFBB19ACD5AE000E1A03 /* Products */;
			projectDirPath = "";
			projectRoot = "";
			targets = (
				228FFFB919ACD5AE000E1A03 /* Swifty Parse */,
				228FFFCB19ACD5AE000E1A03 /* Swifty ParseTests */,
			);
		};
/* End PBXProject section */

/* Begin PBXResourcesBuildPhase section */
		228FFFB819ACD5AE000E1A03 /* Resources */ = {
			isa = PBXResourcesBuildPhase;
			buildActionMask = 2147483647;
			files = (
				228FFFC519ACD5AE000E1A03 /* Main.storyboard in Resources */,
				228FFFC719ACD5AE000E1A03 /* Images.xcassets in Resources */,
			);
			runOnlyForDeploymentPostprocessing = 0;
		};
		228FFFCA19ACD5AE000E1A03 /* Resources */ = {
			isa = PBXResourcesBuildPhase;
			buildActionMask = 2147483647;
			files = (
			);
			runOnlyForDeploymentPostprocessing = 0;
		};
/* End PBXResourcesBuildPhase section */

/* Begin PBXSourcesBuildPhase section */
		228FFFB619ACD5AE000E1A03 /* Sources */ = {
			isa = PBXSourcesBuildPhase;
			buildActionMask = 2147483647;
			files = (
				228FFFDE19ACD60E000E1A03 /* FacesTVC.swift in Sources */,
				228FFFC019ACD5AE000E1A03 /* AppDelegate.swift in Sources */,
			);
			runOnlyForDeploymentPostprocessing = 0;
		};
		228FFFC819ACD5AE000E1A03 /* Sources */ = {
			isa = PBXSourcesBuildPhase;
			buildActionMask = 2147483647;
			files = (
				228FFFD319ACD5AE000E1A03 /* Swifty_ParseTests.swift in Sources */,
			);
			runOnlyForDeploymentPostprocessing = 0;
		};
/* End PBXSourcesBuildPhase section */

/* Begin PBXTargetDependency section */
		228FFFCE19ACD5AE000E1A03 /* PBXTargetDependency */ = {
			isa = PBXTargetDependency;
			target = 228FFFB919ACD5AE000E1A03 /* Swifty Parse */;
			targetProxy = 228FFFCD19ACD5AE000E1A03 /* PBXContainerItemProxy */;
		};
/* End PBXTargetDependency section */

/* Begin PBXVariantGroup section */
		228FFFC319ACD5AE000E1A03 /* Main.storyboard */ = {
			isa = PBXVariantGroup;
			children = (
				228FFFC419ACD5AE000E1A03 /* Base */,
			);
			name = Main.storyboard;
			sourceTree = "<group>";
		};
/* End PBXVariantGroup section */

/* Begin XCBuildConfiguration section */
		228FFFD419ACD5AE000E1A03 /* Debug */ = {
			isa = XCBuildConfiguration;
			buildSettings = {
				ALWAYS_SEARCH_USER_PATHS = NO;
				CLANG_CXX_LANGUAGE_STANDARD = "gnu++0x";
				CLANG_CXX_LIBRARY = "libc++";
				CLANG_ENABLE_MODULES = YES;
				CLANG_ENABLE_OBJC_ARC = YES;
				CLANG_WARN_BOOL_CONVERSION = YES;
				CLANG_WARN_CONSTANT_CONVERSION = YES;
				CLANG_WARN_DIRECT_OBJC_ISA_USAGE = YES_ERROR;
				CLANG_WARN_EMPTY_BODY = YES;
				CLANG_WARN_ENUM_CONVERSION = YES;
				CLANG_WARN_INT_CONVERSION = YES;
				CLANG_WARN_OBJC_ROOT_CLASS = YES_ERROR;
				CLANG_WARN_UNREACHABLE_CODE = YES;
				CLANG_WARN__DUPLICATE_METHOD_MATCH = YES;
				"CODE_SIGN_IDENTITY[sdk=iphoneos*]" = "iPhone Developer";
				COPY_PHASE_STRIP = NO;
				ENABLE_STRICT_OBJC_MSGSEND = YES;
				GCC_C_LANGUAGE_STANDARD = gnu99;
				GCC_DYNAMIC_NO_PIC = NO;
				GCC_OPTIMIZATION_LEVEL = 0;
				GCC_PREPROCESSOR_DEFINITIONS = (
					"DEBUG=1",
					"$(inherited)",
				);
				GCC_SYMBOLS_PRIVATE_EXTERN = NO;
				GCC_WARN_64_TO_32_BIT_CONVERSION = YES;
				GCC_WARN_ABOUT_RETURN_TYPE = YES_ERROR;
				GCC_WARN_UNDECLARED_SELECTOR = YES;
				GCC_WARN_UNINITIALIZED_AUTOS = YES_AGGRESSIVE;
				GCC_WARN_UNUSED_FUNCTION = YES;
				GCC_WARN_UNUSED_VARIABLE = YES;
				IPHONEOS_DEPLOYMENT_TARGET = 8.0;
				MTL_ENABLE_DEBUG_INFO = YES;
				ONLY_ACTIVE_ARCH = YES;
				SDKROOT = iphoneos;
				SWIFT_OPTIMIZATION_LEVEL = "-Onone";
			};
			name = Debug;
		};
		228FFFD519ACD5AE000E1A03 /* Release */ = {
			isa = XCBuildConfiguration;
			buildSettings = {
				ALWAYS_SEARCH_USER_PATHS = NO;
				CLANG_CXX_LANGUAGE_STANDARD = "gnu++0x";
				CLANG_CXX_LIBRARY = "libc++";
				CLANG_ENABLE_MODULES = YES;
				CLANG_ENABLE_OBJC_ARC = YES;
				CLANG_WARN_BOOL_CONVERSION = YES;
				CLANG_WARN_CONSTANT_CONVERSION = YES;
				CLANG_WARN_DIRECT_OBJC_ISA_USAGE = YES_ERROR;
				CLANG_WARN_EMPTY_BODY = YES;
				CLANG_WARN_ENUM_CONVERSION = YES;
				CLANG_WARN_INT_CONVERSION = YES;
				CLANG_WARN_OBJC_ROOT_CLASS = YES_ERROR;
				CLANG_WARN_UNREACHABLE_CODE = YES;
				CLANG_WARN__DUPLICATE_METHOD_MATCH = YES;
				"CODE_SIGN_IDENTITY[sdk=iphoneos*]" = "iPhone Developer";
				COPY_PHASE_STRIP = YES;
				ENABLE_NS_ASSERTIONS = NO;
				ENABLE_STRICT_OBJC_MSGSEND = YES;
				GCC_C_LANGUAGE_STANDARD = gnu99;
				GCC_WARN_64_TO_32_BIT_CONVERSION = YES;
				GCC_WARN_ABOUT_RETURN_TYPE = YES_ERROR;
				GCC_WARN_UNDECLARED_SELECTOR = YES;
				GCC_WARN_UNINITIALIZED_AUTOS = YES_AGGRESSIVE;
				GCC_WARN_UNUSED_FUNCTION = YES;
				GCC_WARN_UNUSED_VARIABLE = YES;
				IPHONEOS_DEPLOYMENT_TARGET = 8.0;
				MTL_ENABLE_DEBUG_INFO = NO;
				SDKROOT = iphoneos;
				VALIDATE_PRODUCT = YES;
			};
			name = Release;
		};
		228FFFD719ACD5AE000E1A03 /* Debug */ = {
			isa = XCBuildConfiguration;
			buildSettings = {
				ASSETCATALOG_COMPILER_APPICON_NAME = AppIcon;
				ASSETCATALOG_COMPILER_LAUNCHIMAGE_NAME = LaunchImage;
				CLANG_ENABLE_MODULES = YES;
				FRAMEWORK_SEARCH_PATHS = (
					"$(inherited)",
					"/Users/Merritt/Downloads/parse-library-1.2.21",
				);
				INFOPLIST_FILE = "Swifty Parse/Info.plist";
				LD_RUNPATH_SEARCH_PATHS = "$(inherited) @executable_path/Frameworks";
				PRODUCT_NAME = "Swifty Parse";
				SWIFT_OBJC_BRIDGING_HEADER = "Swifty Parse-Bridging-Header.h";
				SWIFT_OPTIMIZATION_LEVEL = "-Onone";
			};
			name = Debug;
		};
		228FFFD819ACD5AE000E1A03 /* Release */ = {
			isa = XCBuildConfiguration;
			buildSettings = {
				ASSETCATALOG_COMPILER_APPICON_NAME = AppIcon;
				ASSETCATALOG_COMPILER_LAUNCHIMAGE_NAME = LaunchImage;
				CLANG_ENABLE_MODULES = YES;
				FRAMEWORK_SEARCH_PATHS = (
					"$(inherited)",
					"/Users/Merritt/Downloads/parse-library-1.2.21",
				);
				INFOPLIST_FILE = "Swifty Parse/Info.plist";
				LD_RUNPATH_SEARCH_PATHS = "$(inherited) @executable_path/Frameworks";
				PRODUCT_NAME = "Swifty Parse";
				SWIFT_OBJC_BRIDGING_HEADER = "Swifty Parse-Bridging-Header.h";
			};
			name = Release;
		};
		228FFFDA19ACD5AE000E1A03 /* Debug */ = {
			isa = XCBuildConfiguration;
			buildSettings = {
				BUNDLE_LOADER = "$(TEST_HOST)";
				FRAMEWORK_SEARCH_PATHS = (
					"$(SDKROOT)/Developer/Library/Frameworks",
					"$(inherited)",
				);
				GCC_PREPROCESSOR_DEFINITIONS = (
					"DEBUG=1",
					"$(inherited)",
				);
				INFOPLIST_FILE = "Swifty ParseTests/Info.plist";
				LD_RUNPATH_SEARCH_PATHS = "$(inherited) @executable_path/Frameworks @loader_path/Frameworks";
				PRODUCT_NAME = "Swifty ParseTests";
				TEST_HOST = "$(BUILT_PRODUCTS_DIR)/Swifty Parse.app/Swifty Parse";
			};
			name = Debug;
		};
		228FFFDB19ACD5AE000E1A03 /* Release */ = {
			isa = XCBuildConfiguration;
			buildSettings = {
				BUNDLE_LOADER = "$(TEST_HOST)";
				FRAMEWORK_SEARCH_PATHS = (
					"$(SDKROOT)/Developer/Library/Frameworks",
					"$(inherited)",
				);
				INFOPLIST_FILE = "Swifty ParseTests/Info.plist";
				LD_RUNPATH_SEARCH_PATHS = "$(inherited) @executable_path/Frameworks @loader_path/Frameworks";
				PRODUCT_NAME = "Swifty ParseTests";
				TEST_HOST = "$(BUILT_PRODUCTS_DIR)/Swifty Parse.app/Swifty Parse";
			};
			name = Release;
		};
/* End XCBuildConfiguration section */

/* Begin XCConfigurationList section */
		228FFFB519ACD5AE000E1A03 /* Build configuration list for PBXProject "Swifty Parse" */ = {
			isa = XCConfigurationList;
			buildConfigurations = (
				228FFFD419ACD5AE000E1A03 /* Debug */,
				228FFFD519ACD5AE000E1A03 /* Release */,
			);
			defaultConfigurationIsVisible = 0;
			defaultConfigurationName = Release;
		};
		228FFFD619ACD5AE000E1A03 /* Build configuration list for PBXNativeTarget "Swifty Parse" */ = {
			isa = XCConfigurationList;
			buildConfigurations = (
				228FFFD719ACD5AE000E1A03 /* Debug */,
				228FFFD819ACD5AE000E1A03 /* Release */,
			);
			defaultConfigurationIsVisible = 0;
			defaultConfigurationName = Release;
		};
		228FFFD919ACD5AE000E1A03 /* Build configuration list for PBXNativeTarget "Swifty ParseTests" */ = {
			isa = XCConfigurationList;
			buildConfigurations = (
				228FFFDA19ACD5AE000E1A03 /* Debug */,
				228FFFDB19ACD5AE000E1A03 /* Release */,
			);
			defaultConfigurationIsVisible = 0;
			defaultConfigurationName = Release;
		};
/* End XCConfigurationList section */
	};
	rootObject = 228FFFB219ACD5AE000E1A03 /* Project object */;
}
