// !$*UTF8*$!
{
	archiveVersion = 1;
	classes = {
	};
	objectVersion = 46;
	objects = {

/* Begin PBXBuildFile section */
		221CFB4019D99237001FC261 /* AppDelegate.swift in Sources */ = {isa = PBXBuildFile; fileRef = 221CFB3F19D99237001FC261 /* AppDelegate.swift */; };
		221CFB4219D99237001FC261 /* ViewController.swift in Sources */ = {isa = PBXBuildFile; fileRef = 221CFB4119D99237001FC261 /* ViewController.swift */; };
		221CFB4519D99237001FC261 /* Main.storyboard in Resources */ = {isa = PBXBuildFile; fileRef = 221CFB4319D99237001FC261 /* Main.storyboard */; };
		221CFB4719D99237001FC261 /* Images.xcassets in Resources */ = {isa = PBXBuildFile; fileRef = 221CFB4619D99237001FC261 /* Images.xcassets */; };
		221CFB4A19D99237001FC261 /* LaunchScreen.xib in Resources */ = {isa = PBXBuildFile; fileRef = 221CFB4819D99237001FC261 /* LaunchScreen.xib */; };
		221CFB5619D99237001FC261 /* ScrollsTests.swift in Sources */ = {isa = PBXBuildFile; fileRef = 221CFB5519D99237001FC261 /* ScrollsTests.swift */; };
		221CFB8619D9AF03001FC261 /* ss.png in Resources */ = {isa = PBXBuildFile; fileRef = 221CFB8519D9AF03001FC261 /* ss.png */; };
/* End PBXBuildFile section */

/* Begin PBXContainerItemProxy section */
		221CFB5019D99237001FC261 /* PBXContainerItemProxy */ = {
			isa = PBXContainerItemProxy;
			containerPortal = 221CFB3219D99236001FC261 /* Project object */;
			proxyType = 1;
			remoteGlobalIDString = 221CFB3919D99237001FC261;
			remoteInfo = Scrolls;
		};
/* End PBXContainerItemProxy section */

/* Begin PBXFileReference section */
		221CFB3A19D99237001FC261 /* Scrolls.app */ = {isa = PBXFileReference; explicitFileType = wrapper.application; includeInIndex = 0; path = Scrolls.app; sourceTree = BUILT_PRODUCTS_DIR; };
		221CFB3E19D99237001FC261 /* Info.plist */ = {isa = PBXFileReference; lastKnownFileType = text.plist.xml; path = Info.plist; sourceTree = "<group>"; };
		221CFB3F19D99237001FC261 /* AppDelegate.swift */ = {isa = PBXFileReference; lastKnownFileType = sourcecode.swift; path = AppDelegate.swift; sourceTree = "<group>"; };
		221CFB4119D99237001FC261 /* ViewController.swift */ = {isa = PBXFileReference; lastKnownFileType = sourcecode.swift; path = ViewController.swift; sourceTree = "<group>"; };
		221CFB4419D99237001FC261 /* Base */ = {isa = PBXFileReference; lastKnownFileType = file.storyboard; name = Base; path = Base.lproj/Main.storyboard; sourceTree = "<group>"; };
		221CFB4619D99237001FC261 /* Images.xcassets */ = {isa = PBXFileReference; lastKnownFileType = folder.assetcatalog; path = Images.xcassets; sourceTree = "<group>"; };
		221CFB4919D99237001FC261 /* Base */ = {isa = PBXFileReference; lastKnownFileType = file.xib; name = Base; path = Base.lproj/LaunchScreen.xib; sourceTree = "<group>"; };
		221CFB4F19D99237001FC261 /* ScrollsTests.xctest */ = {isa = PBXFileReference; explicitFileType = wrapper.cfbundle; includeInIndex = 0; path = ScrollsTests.xctest; sourceTree = BUILT_PRODUCTS_DIR; };
		221CFB5419D99237001FC261 /* Info.plist */ = {isa = PBXFileReference; lastKnownFileType = text.plist.xml; path = Info.plist; sourceTree = "<group>"; };
		221CFB5519D99237001FC261 /* ScrollsTests.swift */ = {isa = PBXFileReference; lastKnownFileType = sourcecode.swift; path = ScrollsTests.swift; sourceTree = "<group>"; };
		221CFB8519D9AF03001FC261 /* ss.png */ = {isa = PBXFileReference; lastKnownFileType = image.png; path = ss.png; sourceTree = "<group>"; };
/* End PBXFileReference section */

/* Begin PBXFrameworksBuildPhase section */
		221CFB3719D99237001FC261 /* Frameworks */ = {
			isa = PBXFrameworksBuildPhase;
			buildActionMask = 2147483647;
			files = (
			);
			runOnlyForDeploymentPostprocessing = 0;
		};
		221CFB4C19D99237001FC261 /* Frameworks */ = {
			isa = PBXFrameworksBuildPhase;
			buildActionMask = 2147483647;
			files = (
			);
			runOnlyForDeploymentPostprocessing = 0;
		};
/* End PBXFrameworksBuildPhase section */

/* Begin PBXGroup section */
		221CFB3119D99236001FC261 = {
			isa = PBXGroup;
			children = (
				221CFB3C19D99237001FC261 /* Scrolls */,
				221CFB5219D99237001FC261 /* ScrollsTests */,
				221CFB3B19D99237001FC261 /* Products */,
				221CFB8519D9AF03001FC261 /* ss.png */,
			);
			sourceTree = "<group>";
		};
		221CFB3B19D99237001FC261 /* Products */ = {
			isa = PBXGroup;
			children = (
				221CFB3A19D99237001FC261 /* Scrolls.app */,
				221CFB4F19D99237001FC261 /* ScrollsTests.xctest */,
			);
			name = Products;
			sourceTree = "<group>";
		};
		221CFB3C19D99237001FC261 /* Scrolls */ = {
			isa = PBXGroup;
			children = (
				221CFB3F19D99237001FC261 /* AppDelegate.swift */,
				221CFB4119D99237001FC261 /* ViewController.swift */,
				221CFB4319D99237001FC261 /* Main.storyboard */,
				221CFB4619D99237001FC261 /* Images.xcassets */,
				221CFB4819D99237001FC261 /* LaunchScreen.xib */,
				221CFB3D19D99237001FC261 /* Supporting Files */,
			);
			path = Scrolls;
			sourceTree = "<group>";
		};
		221CFB3D19D99237001FC261 /* Supporting Files */ = {
			isa = PBXGroup;
			children = (
				221CFB3E19D99237001FC261 /* Info.plist */,
			);
			name = "Supporting Files";
			sourceTree = "<group>";
		};
		221CFB5219D99237001FC261 /* ScrollsTests */ = {
			isa = PBXGroup;
			children = (
				221CFB5519D99237001FC261 /* ScrollsTests.swift */,
				221CFB5319D99237001FC261 /* Supporting Files */,
			);
			path = ScrollsTests;
			sourceTree = "<group>";
		};
		221CFB5319D99237001FC261 /* Supporting Files */ = {
			isa = PBXGroup;
			children = (
				221CFB5419D99237001FC261 /* Info.plist */,
			);
			name = "Supporting Files";
			sourceTree = "<group>";
		};
/* End PBXGroup section */

/* Begin PBXNativeTarget section */
		221CFB3919D99237001FC261 /* Scrolls */ = {
			isa = PBXNativeTarget;
			buildConfigurationList = 221CFB5919D99237001FC261 /* Build configuration list for PBXNativeTarget "Scrolls" */;
			buildPhases = (
				221CFB3619D99237001FC261 /* Sources */,
				221CFB3719D99237001FC261 /* Frameworks */,
				221CFB3819D99237001FC261 /* Resources */,
			);
			buildRules = (
			);
			dependencies = (
			);
			name = Scrolls;
			productName = Scrolls;
			productReference = 221CFB3A19D99237001FC261 /* Scrolls.app */;
			productType = "com.apple.product-type.application";
		};
		221CFB4E19D99237001FC261 /* ScrollsTests */ = {
			isa = PBXNativeTarget;
			buildConfigurationList = 221CFB5C19D99237001FC261 /* Build configuration list for PBXNativeTarget "ScrollsTests" */;
			buildPhases = (
				221CFB4B19D99237001FC261 /* Sources */,
				221CFB4C19D99237001FC261 /* Frameworks */,
				221CFB4D19D99237001FC261 /* Resources */,
			);
			buildRules = (
			);
			dependencies = (
				221CFB5119D99237001FC261 /* PBXTargetDependency */,
			);
			name = ScrollsTests;
			productName = ScrollsTests;
			productReference = 221CFB4F19D99237001FC261 /* ScrollsTests.xctest */;
			productType = "com.apple.product-type.bundle.unit-test";
		};
/* End PBXNativeTarget section */

/* Begin PBXProject section */
		221CFB3219D99236001FC261 /* Project object */ = {
			isa = PBXProject;
			attributes = {
				LastUpgradeCheck = 0600;
				ORGANIZATIONNAME = "Merritt Tidwell";
				TargetAttributes = {
					221CFB3919D99237001FC261 = {
						CreatedOnToolsVersion = 6.0;
					};
					221CFB4E19D99237001FC261 = {
						CreatedOnToolsVersion = 6.0;
						TestTargetID = 221CFB3919D99237001FC261;
					};
				};
			};
			buildConfigurationList = 221CFB3519D99236001FC261 /* Build configuration list for PBXProject "Scrolls" */;
			compatibilityVersion = "Xcode 3.2";
			developmentRegion = English;
			hasScannedForEncodings = 0;
			knownRegions = (
				en,
				Base,
			);
			mainGroup = 221CFB3119D99236001FC261;
			productRefGroup = 221CFB3B19D99237001FC261 /* Products */;
			projectDirPath = "";
			projectRoot = "";
			targets = (
				221CFB3919D99237001FC261 /* Scrolls */,
				221CFB4E19D99237001FC261 /* ScrollsTests */,
			);
		};
/* End PBXProject section */

/* Begin PBXResourcesBuildPhase section */
		221CFB3819D99237001FC261 /* Resources */ = {
			isa = PBXResourcesBuildPhase;
			buildActionMask = 2147483647;
			files = (
				221CFB8619D9AF03001FC261 /* ss.png in Resources */,
				221CFB4519D99237001FC261 /* Main.storyboard in Resources */,
				221CFB4A19D99237001FC261 /* LaunchScreen.xib in Resources */,
				221CFB4719D99237001FC261 /* Images.xcassets in Resources */,
			);
			runOnlyForDeploymentPostprocessing = 0;
		};
		221CFB4D19D99237001FC261 /* Resources */ = {
			isa = PBXResourcesBuildPhase;
			buildActionMask = 2147483647;
			files = (
			);
			runOnlyForDeploymentPostprocessing = 0;
		};
/* End PBXResourcesBuildPhase section */

/* Begin PBXSourcesBuildPhase section */
		221CFB3619D99237001FC261 /* Sources */ = {
			isa = PBXSourcesBuildPhase;
			buildActionMask = 2147483647;
			files = (
				221CFB4219D99237001FC261 /* ViewController.swift in Sources */,
				221CFB4019D99237001FC261 /* AppDelegate.swift in Sources */,
			);
			runOnlyForDeploymentPostprocessing = 0;
		};
		221CFB4B19D99237001FC261 /* Sources */ = {
			isa = PBXSourcesBuildPhase;
			buildActionMask = 2147483647;
			files = (
				221CFB5619D99237001FC261 /* ScrollsTests.swift in Sources */,
			);
			runOnlyForDeploymentPostprocessing = 0;
		};
/* End PBXSourcesBuildPhase section */

/* Begin PBXTargetDependency section */
		221CFB5119D99237001FC261 /* PBXTargetDependency */ = {
			isa = PBXTargetDependency;
			target = 221CFB3919D99237001FC261 /* Scrolls */;
			targetProxy = 221CFB5019D99237001FC261 /* PBXContainerItemProxy */;
		};
/* End PBXTargetDependency section */

/* Begin PBXVariantGroup section */
		221CFB4319D99237001FC261 /* Main.storyboard */ = {
			isa = PBXVariantGroup;
			children = (
				221CFB4419D99237001FC261 /* Base */,
			);
			name = Main.storyboard;
			sourceTree = "<group>";
		};
		221CFB4819D99237001FC261 /* LaunchScreen.xib */ = {
			isa = PBXVariantGroup;
			children = (
				221CFB4919D99237001FC261 /* Base */,
			);
			name = LaunchScreen.xib;
			sourceTree = "<group>";
		};
/* End PBXVariantGroup section */

/* Begin XCBuildConfiguration section */
		221CFB5719D99237001FC261 /* Debug */ = {
			isa = XCBuildConfiguration;
			buildSettings = {
				ALWAYS_SEARCH_USER_PATHS = NO;
				CLANG_CXX_LANGUAGE_STANDARD = "gnu++0x";
				CLANG_CXX_LIBRARY = "libc++";
				CLANG_ENABLE_MODULES = YES;
				CLANG_ENABLE_OBJC_ARC = YES;
				CLANG_WARN_BOOL_CONVERSION = YES;
				CLANG_WARN_CONSTANT_CONVERSION = YES;
				CLANG_WARN_DIRECT_OBJC_ISA_USAGE = YES_ERROR;
				CLANG_WARN_EMPTY_BODY = YES;
				CLANG_WARN_ENUM_CONVERSION = YES;
				CLANG_WARN_INT_CONVERSION = YES;
				CLANG_WARN_OBJC_ROOT_CLASS = YES_ERROR;
				CLANG_WARN_UNREACHABLE_CODE = YES;
				CLANG_WARN__DUPLICATE_METHOD_MATCH = YES;
				"CODE_SIGN_IDENTITY[sdk=iphoneos*]" = "iPhone Developer";
				COPY_PHASE_STRIP = NO;
				ENABLE_STRICT_OBJC_MSGSEND = YES;
				GCC_C_LANGUAGE_STANDARD = gnu99;
				GCC_DYNAMIC_NO_PIC = NO;
				GCC_OPTIMIZATION_LEVEL = 0;
				GCC_PREPROCESSOR_DEFINITIONS = (
					"DEBUG=1",
					"$(inherited)",
				);
				GCC_SYMBOLS_PRIVATE_EXTERN = NO;
				GCC_WARN_64_TO_32_BIT_CONVERSION = YES;
				GCC_WARN_ABOUT_RETURN_TYPE = YES_ERROR;
				GCC_WARN_UNDECLARED_SELECTOR = YES;
				GCC_WARN_UNINITIALIZED_AUTOS = YES_AGGRESSIVE;
				GCC_WARN_UNUSED_FUNCTION = YES;
				GCC_WARN_UNUSED_VARIABLE = YES;
				IPHONEOS_DEPLOYMENT_TARGET = 8.0;
				MTL_ENABLE_DEBUG_INFO = YES;
				ONLY_ACTIVE_ARCH = YES;
				SDKROOT = iphoneos;
				SWIFT_OPTIMIZATION_LEVEL = "-Onone";
				TARGETED_DEVICE_FAMILY = "1,2";
			};
			name = Debug;
		};
		221CFB5819D99237001FC261 /* Release */ = {
			isa = XCBuildConfiguration;
			buildSettings = {
				ALWAYS_SEARCH_USER_PATHS = NO;
				CLANG_CXX_LANGUAGE_STANDARD = "gnu++0x";
				CLANG_CXX_LIBRARY = "libc++";
				CLANG_ENABLE_MODULES = YES;
				CLANG_ENABLE_OBJC_ARC = YES;
				CLANG_WARN_BOOL_CONVERSION = YES;
				CLANG_WARN_CONSTANT_CONVERSION = YES;
				CLANG_WARN_DIRECT_OBJC_ISA_USAGE = YES_ERROR;
				CLANG_WARN_EMPTY_BODY = YES;
				CLANG_WARN_ENUM_CONVERSION = YES;
				CLANG_WARN_INT_CONVERSION = YES;
				CLANG_WARN_OBJC_ROOT_CLASS = YES_ERROR;
				CLANG_WARN_UNREACHABLE_CODE = YES;
				CLANG_WARN__DUPLICATE_METHOD_MATCH = YES;
				"CODE_SIGN_IDENTITY[sdk=iphoneos*]" = "iPhone Developer";
				COPY_PHASE_STRIP = YES;
				ENABLE_NS_ASSERTIONS = NO;
				ENABLE_STRICT_OBJC_MSGSEND = YES;
				GCC_C_LANGUAGE_STANDARD = gnu99;
				GCC_WARN_64_TO_32_BIT_CONVERSION = YES;
				GCC_WARN_ABOUT_RETURN_TYPE = YES_ERROR;
				GCC_WARN_UNDECLARED_SELECTOR = YES;
				GCC_WARN_UNINITIALIZED_AUTOS = YES_AGGRESSIVE;
				GCC_WARN_UNUSED_FUNCTION = YES;
				GCC_WARN_UNUSED_VARIABLE = YES;
				IPHONEOS_DEPLOYMENT_TARGET = 8.0;
				MTL_ENABLE_DEBUG_INFO = NO;
				SDKROOT = iphoneos;
				TARGETED_DEVICE_FAMILY = "1,2";
				VALIDATE_PRODUCT = YES;
			};
			name = Release;
		};
		221CFB5A19D99237001FC261 /* Debug */ = {
			isa = XCBuildConfiguration;
			buildSettings = {
				ASSETCATALOG_COMPILER_APPICON_NAME = AppIcon;
				INFOPLIST_FILE = Scrolls/Info.plist;
				LD_RUNPATH_SEARCH_PATHS = "$(inherited) @executable_path/Frameworks";
				PRODUCT_NAME = "$(TARGET_NAME)";
			};
			name = Debug;
		};
		221CFB5B19D99237001FC261 /* Release */ = {
			isa = XCBuildConfiguration;
			buildSettings = {
				ASSETCATALOG_COMPILER_APPICON_NAME = AppIcon;
				INFOPLIST_FILE = Scrolls/Info.plist;
				LD_RUNPATH_SEARCH_PATHS = "$(inherited) @executable_path/Frameworks";
				PRODUCT_NAME = "$(TARGET_NAME)";
			};
			name = Release;
		};
		221CFB5D19D99237001FC261 /* Debug */ = {
			isa = XCBuildConfiguration;
			buildSettings = {
				BUNDLE_LOADER = "$(TEST_HOST)";
				FRAMEWORK_SEARCH_PATHS = (
					"$(SDKROOT)/Developer/Library/Frameworks",
					"$(inherited)",
				);
				GCC_PREPROCESSOR_DEFINITIONS = (
					"DEBUG=1",
					"$(inherited)",
				);
				INFOPLIST_FILE = ScrollsTests/Info.plist;
				LD_RUNPATH_SEARCH_PATHS = "$(inherited) @executable_path/Frameworks @loader_path/Frameworks";
				PRODUCT_NAME = "$(TARGET_NAME)";
				TEST_HOST = "$(BUILT_PRODUCTS_DIR)/Scrolls.app/Scrolls";
			};
			name = Debug;
		};
		221CFB5E19D99237001FC261 /* Release */ = {
			isa = XCBuildConfiguration;
			buildSettings = {
				BUNDLE_LOADER = "$(TEST_HOST)";
				FRAMEWORK_SEARCH_PATHS = (
					"$(SDKROOT)/Developer/Library/Frameworks",
					"$(inherited)",
				);
				INFOPLIST_FILE = ScrollsTests/Info.plist;
				LD_RUNPATH_SEARCH_PATHS = "$(inherited) @executable_path/Frameworks @loader_path/Frameworks";
				PRODUCT_NAME = "$(TARGET_NAME)";
				TEST_HOST = "$(BUILT_PRODUCTS_DIR)/Scrolls.app/Scrolls";
			};
			name = Release;
		};
/* End XCBuildConfiguration section */

/* Begin XCConfigurationList section */
		221CFB3519D99236001FC261 /* Build configuration list for PBXProject "Scrolls" */ = {
			isa = XCConfigurationList;
			buildConfigurations = (
				221CFB5719D99237001FC261 /* Debug */,
				221CFB5819D99237001FC261 /* Release */,
			);
			defaultConfigurationIsVisible = 0;
			defaultConfigurationName = Release;
		};
		221CFB5919D99237001FC261 /* Build configuration list for PBXNativeTarget "Scrolls" */ = {
			isa = XCConfigurationList;
			buildConfigurations = (
				221CFB5A19D99237001FC261 /* Debug */,
				221CFB5B19D99237001FC261 /* Release */,
			);
			defaultConfigurationIsVisible = 0;
		};
		221CFB5C19D99237001FC261 /* Build configuration list for PBXNativeTarget "ScrollsTests" */ = {
			isa = XCConfigurationList;
			buildConfigurations = (
				221CFB5D19D99237001FC261 /* Debug */,
				221CFB5E19D99237001FC261 /* Release */,
			);
			defaultConfigurationIsVisible = 0;
		};
/* End XCConfigurationList section */
	};
	rootObject = 221CFB3219D99236001FC261 /* Project object */;
}
