// !$*UTF8*$!
{
	archiveVersion = 1;
	classes = {
	};
	objectVersion = 46;
	objects = {

/* Begin PBXBuildFile section */
		22F9EC361A5DEB2500728BDB /* main.m in Sources */ = {isa = PBXBuildFile; fileRef = 22F9EC351A5DEB2500728BDB /* main.m */; };
		22F9EC391A5DEB2500728BDB /* AppDelegate.m in Sources */ = {isa = PBXBuildFile; fileRef = 22F9EC381A5DEB2500728BDB /* AppDelegate.m */; };
		22F9EC3F1A5DEB2500728BDB /* Main.storyboard in Resources */ = {isa = PBXBuildFile; fileRef = 22F9EC3D1A5DEB2500728BDB /* Main.storyboard */; };
		22F9EC411A5DEB2500728BDB /* Images.xcassets in Resources */ = {isa = PBXBuildFile; fileRef = 22F9EC401A5DEB2500728BDB /* Images.xcassets */; };
		22F9EC441A5DEB2500728BDB /* LaunchScreen.xib in Resources */ = {isa = PBXBuildFile; fileRef = 22F9EC421A5DEB2500728BDB /* LaunchScreen.xib */; };
		22F9EC501A5DEB2500728BDB /* TableViewFizzTests.m in Sources */ = {isa = PBXBuildFile; fileRef = 22F9EC4F1A5DEB2500728BDB /* TableViewFizzTests.m */; };
		22F9EC5B1A5DEB8400728BDB /* TableViewController.m in Sources */ = {isa = PBXBuildFile; fileRef = 22F9EC5A1A5DEB8400728BDB /* TableViewController.m */; };
/* End PBXBuildFile section */

/* Begin PBXContainerItemProxy section */
		22F9EC4A1A5DEB2500728BDB /* PBXContainerItemProxy */ = {
			isa = PBXContainerItemProxy;
			containerPortal = 22F9EC281A5DEB2500728BDB /* Project object */;
			proxyType = 1;
			remoteGlobalIDString = 22F9EC2F1A5DEB2500728BDB;
			remoteInfo = TableViewFizz;
		};
/* End PBXContainerItemProxy section */

/* Begin PBXFileReference section */
		22F9EC301A5DEB2500728BDB /* TableViewFizz.app */ = {isa = PBXFileReference; explicitFileType = wrapper.application; includeInIndex = 0; path = TableViewFizz.app; sourceTree = BUILT_PRODUCTS_DIR; };
		22F9EC341A5DEB2500728BDB /* Info.plist */ = {isa = PBXFileReference; lastKnownFileType = text.plist.xml; path = Info.plist; sourceTree = "<group>"; };
		22F9EC351A5DEB2500728BDB /* main.m */ = {isa = PBXFileReference; lastKnownFileType = sourcecode.c.objc; path = main.m; sourceTree = "<group>"; };
		22F9EC371A5DEB2500728BDB /* AppDelegate.h */ = {isa = PBXFileReference; lastKnownFileType = sourcecode.c.h; path = AppDelegate.h; sourceTree = "<group>"; };
		22F9EC381A5DEB2500728BDB /* AppDelegate.m */ = {isa = PBXFileReference; lastKnownFileType = sourcecode.c.objc; path = AppDelegate.m; sourceTree = "<group>"; };
		22F9EC3E1A5DEB2500728BDB /* Base */ = {isa = PBXFileReference; lastKnownFileType = file.storyboard; name = Base; path = Base.lproj/Main.storyboard; sourceTree = "<group>"; };
		22F9EC401A5DEB2500728BDB /* Images.xcassets */ = {isa = PBXFileReference; lastKnownFileType = folder.assetcatalog; path = Images.xcassets; sourceTree = "<group>"; };
		22F9EC431A5DEB2500728BDB /* Base */ = {isa = PBXFileReference; lastKnownFileType = file.xib; name = Base; path = Base.lproj/LaunchScreen.xib; sourceTree = "<group>"; };
		22F9EC491A5DEB2500728BDB /* TableViewFizzTests.xctest */ = {isa = PBXFileReference; explicitFileType = wrapper.cfbundle; includeInIndex = 0; path = TableViewFizzTests.xctest; sourceTree = BUILT_PRODUCTS_DIR; };
		22F9EC4E1A5DEB2500728BDB /* Info.plist */ = {isa = PBXFileReference; lastKnownFileType = text.plist.xml; path = Info.plist; sourceTree = "<group>"; };
		22F9EC4F1A5DEB2500728BDB /* TableViewFizzTests.m */ = {isa = PBXFileReference; lastKnownFileType = sourcecode.c.objc; path = TableViewFizzTests.m; sourceTree = "<group>"; };
		22F9EC591A5DEB8400728BDB /* TableViewController.h */ = {isa = PBXFileReference; fileEncoding = 4; lastKnownFileType = sourcecode.c.h; name = TableViewController.h; path = ../TableViewController.h; sourceTree = "<group>"; };
		22F9EC5A1A5DEB8400728BDB /* TableViewController.m */ = {isa = PBXFileReference; fileEncoding = 4; lastKnownFileType = sourcecode.c.objc; name = TableViewController.m; path = ../TableViewController.m; sourceTree = "<group>"; };
/* End PBXFileReference section */

/* Begin PBXFrameworksBuildPhase section */
		22F9EC2D1A5DEB2500728BDB /* Frameworks */ = {
			isa = PBXFrameworksBuildPhase;
			buildActionMask = 2147483647;
			files = (
			);
			runOnlyForDeploymentPostprocessing = 0;
		};
		22F9EC461A5DEB2500728BDB /* Frameworks */ = {
			isa = PBXFrameworksBuildPhase;
			buildActionMask = 2147483647;
			files = (
			);
			runOnlyForDeploymentPostprocessing = 0;
		};
/* End PBXFrameworksBuildPhase section */

/* Begin PBXGroup section */
		22F9EC271A5DEB2500728BDB = {
			isa = PBXGroup;
			children = (
				22F9EC321A5DEB2500728BDB /* TableViewFizz */,
				22F9EC4C1A5DEB2500728BDB /* TableViewFizzTests */,
				22F9EC311A5DEB2500728BDB /* Products */,
			);
			sourceTree = "<group>";
		};
		22F9EC311A5DEB2500728BDB /* Products */ = {
			isa = PBXGroup;
			children = (
				22F9EC301A5DEB2500728BDB /* TableViewFizz.app */,
				22F9EC491A5DEB2500728BDB /* TableViewFizzTests.xctest */,
			);
			name = Products;
			sourceTree = "<group>";
		};
		22F9EC321A5DEB2500728BDB /* TableViewFizz */ = {
			isa = PBXGroup;
			children = (
				22F9EC591A5DEB8400728BDB /* TableViewController.h */,
				22F9EC5A1A5DEB8400728BDB /* TableViewController.m */,
				22F9EC371A5DEB2500728BDB /* AppDelegate.h */,
				22F9EC381A5DEB2500728BDB /* AppDelegate.m */,
				22F9EC3D1A5DEB2500728BDB /* Main.storyboard */,
				22F9EC401A5DEB2500728BDB /* Images.xcassets */,
				22F9EC421A5DEB2500728BDB /* LaunchScreen.xib */,
				22F9EC331A5DEB2500728BDB /* Supporting Files */,
			);
			path = TableViewFizz;
			sourceTree = "<group>";
		};
		22F9EC331A5DEB2500728BDB /* Supporting Files */ = {
			isa = PBXGroup;
			children = (
				22F9EC341A5DEB2500728BDB /* Info.plist */,
				22F9EC351A5DEB2500728BDB /* main.m */,
			);
			name = "Supporting Files";
			sourceTree = "<group>";
		};
		22F9EC4C1A5DEB2500728BDB /* TableViewFizzTests */ = {
			isa = PBXGroup;
			children = (
				22F9EC4F1A5DEB2500728BDB /* TableViewFizzTests.m */,
				22F9EC4D1A5DEB2500728BDB /* Supporting Files */,
			);
			path = TableViewFizzTests;
			sourceTree = "<group>";
		};
		22F9EC4D1A5DEB2500728BDB /* Supporting Files */ = {
			isa = PBXGroup;
			children = (
				22F9EC4E1A5DEB2500728BDB /* Info.plist */,
			);
			name = "Supporting Files";
			sourceTree = "<group>";
		};
/* End PBXGroup section */

/* Begin PBXNativeTarget section */
		22F9EC2F1A5DEB2500728BDB /* TableViewFizz */ = {
			isa = PBXNativeTarget;
			buildConfigurationList = 22F9EC531A5DEB2500728BDB /* Build configuration list for PBXNativeTarget "TableViewFizz" */;
			buildPhases = (
				22F9EC2C1A5DEB2500728BDB /* Sources */,
				22F9EC2D1A5DEB2500728BDB /* Frameworks */,
				22F9EC2E1A5DEB2500728BDB /* Resources */,
			);
			buildRules = (
			);
			dependencies = (
			);
			name = TableViewFizz;
			productName = TableViewFizz;
			productReference = 22F9EC301A5DEB2500728BDB /* TableViewFizz.app */;
			productType = "com.apple.product-type.application";
		};
		22F9EC481A5DEB2500728BDB /* TableViewFizzTests */ = {
			isa = PBXNativeTarget;
			buildConfigurationList = 22F9EC561A5DEB2500728BDB /* Build configuration list for PBXNativeTarget "TableViewFizzTests" */;
			buildPhases = (
				22F9EC451A5DEB2500728BDB /* Sources */,
				22F9EC461A5DEB2500728BDB /* Frameworks */,
				22F9EC471A5DEB2500728BDB /* Resources */,
			);
			buildRules = (
			);
			dependencies = (
				22F9EC4B1A5DEB2500728BDB /* PBXTargetDependency */,
			);
			name = TableViewFizzTests;
			productName = TableViewFizzTests;
			productReference = 22F9EC491A5DEB2500728BDB /* TableViewFizzTests.xctest */;
			productType = "com.apple.product-type.bundle.unit-test";
		};
/* End PBXNativeTarget section */

/* Begin PBXProject section */
		22F9EC281A5DEB2500728BDB /* Project object */ = {
			isa = PBXProject;
			attributes = {
				LastUpgradeCheck = 0610;
				ORGANIZATIONNAME = "Merritt Tidwell";
				TargetAttributes = {
					22F9EC2F1A5DEB2500728BDB = {
						CreatedOnToolsVersion = 6.1.1;
					};
					22F9EC481A5DEB2500728BDB = {
						CreatedOnToolsVersion = 6.1.1;
						TestTargetID = 22F9EC2F1A5DEB2500728BDB;
					};
				};
			};
			buildConfigurationList = 22F9EC2B1A5DEB2500728BDB /* Build configuration list for PBXProject "TableViewFizz" */;
			compatibilityVersion = "Xcode 3.2";
			developmentRegion = English;
			hasScannedForEncodings = 0;
			knownRegions = (
				en,
				Base,
			);
			mainGroup = 22F9EC271A5DEB2500728BDB;
			productRefGroup = 22F9EC311A5DEB2500728BDB /* Products */;
			projectDirPath = "";
			projectRoot = "";
			targets = (
				22F9EC2F1A5DEB2500728BDB /* TableViewFizz */,
				22F9EC481A5DEB2500728BDB /* TableViewFizzTests */,
			);
		};
/* End PBXProject section */

/* Begin PBXResourcesBuildPhase section */
		22F9EC2E1A5DEB2500728BDB /* Resources */ = {
			isa = PBXResourcesBuildPhase;
			buildActionMask = 2147483647;
			files = (
				22F9EC3F1A5DEB2500728BDB /* Main.storyboard in Resources */,
				22F9EC441A5DEB2500728BDB /* LaunchScreen.xib in Resources */,
				22F9EC411A5DEB2500728BDB /* Images.xcassets in Resources */,
			);
			runOnlyForDeploymentPostprocessing = 0;
		};
		22F9EC471A5DEB2500728BDB /* Resources */ = {
			isa = PBXResourcesBuildPhase;
			buildActionMask = 2147483647;
			files = (
			);
			runOnlyForDeploymentPostprocessing = 0;
		};
/* End PBXResourcesBuildPhase section */

/* Begin PBXSourcesBuildPhase section */
		22F9EC2C1A5DEB2500728BDB /* Sources */ = {
			isa = PBXSourcesBuildPhase;
			buildActionMask = 2147483647;
			files = (
				22F9EC391A5DEB2500728BDB /* AppDelegate.m in Sources */,
				22F9EC5B1A5DEB8400728BDB /* TableViewController.m in Sources */,
				22F9EC361A5DEB2500728BDB /* main.m in Sources */,
			);
			runOnlyForDeploymentPostprocessing = 0;
		};
		22F9EC451A5DEB2500728BDB /* Sources */ = {
			isa = PBXSourcesBuildPhase;
			buildActionMask = 2147483647;
			files = (
				22F9EC501A5DEB2500728BDB /* TableViewFizzTests.m in Sources */,
			);
			runOnlyForDeploymentPostprocessing = 0;
		};
/* End PBXSourcesBuildPhase section */

/* Begin PBXTargetDependency section */
		22F9EC4B1A5DEB2500728BDB /* PBXTargetDependency */ = {
			isa = PBXTargetDependency;
			target = 22F9EC2F1A5DEB2500728BDB /* TableViewFizz */;
			targetProxy = 22F9EC4A1A5DEB2500728BDB /* PBXContainerItemProxy */;
		};
/* End PBXTargetDependency section */

/* Begin PBXVariantGroup section */
		22F9EC3D1A5DEB2500728BDB /* Main.storyboard */ = {
			isa = PBXVariantGroup;
			children = (
				22F9EC3E1A5DEB2500728BDB /* Base */,
			);
			name = Main.storyboard;
			sourceTree = "<group>";
		};
		22F9EC421A5DEB2500728BDB /* LaunchScreen.xib */ = {
			isa = PBXVariantGroup;
			children = (
				22F9EC431A5DEB2500728BDB /* Base */,
			);
			name = LaunchScreen.xib;
			sourceTree = "<group>";
		};
/* End PBXVariantGroup section */

/* Begin XCBuildConfiguration section */
		22F9EC511A5DEB2500728BDB /* Debug */ = {
			isa = XCBuildConfiguration;
			buildSettings = {
				ALWAYS_SEARCH_USER_PATHS = NO;
				CLANG_CXX_LANGUAGE_STANDARD = "gnu++0x";
				CLANG_CXX_LIBRARY = "libc++";
				CLANG_ENABLE_MODULES = YES;
				CLANG_ENABLE_OBJC_ARC = YES;
				CLANG_WARN_BOOL_CONVERSION = YES;
				CLANG_WARN_CONSTANT_CONVERSION = YES;
				CLANG_WARN_DIRECT_OBJC_ISA_USAGE = YES_ERROR;
				CLANG_WARN_EMPTY_BODY = YES;
				CLANG_WARN_ENUM_CONVERSION = YES;
				CLANG_WARN_INT_CONVERSION = YES;
				CLANG_WARN_OBJC_ROOT_CLASS = YES_ERROR;
				CLANG_WARN_UNREACHABLE_CODE = YES;
				CLANG_WARN__DUPLICATE_METHOD_MATCH = YES;
				"CODE_SIGN_IDENTITY[sdk=iphoneos*]" = "iPhone Developer";
				COPY_PHASE_STRIP = NO;
				ENABLE_STRICT_OBJC_MSGSEND = YES;
				GCC_C_LANGUAGE_STANDARD = gnu99;
				GCC_DYNAMIC_NO_PIC = NO;
				GCC_OPTIMIZATION_LEVEL = 0;
				GCC_PREPROCESSOR_DEFINITIONS = (
					"DEBUG=1",
					"$(inherited)",
				);
				GCC_SYMBOLS_PRIVATE_EXTERN = NO;
				GCC_WARN_64_TO_32_BIT_CONVERSION = YES;
				GCC_WARN_ABOUT_RETURN_TYPE = YES_ERROR;
				GCC_WARN_UNDECLARED_SELECTOR = YES;
				GCC_WARN_UNINITIALIZED_AUTOS = YES_AGGRESSIVE;
				GCC_WARN_UNUSED_FUNCTION = YES;
				GCC_WARN_UNUSED_VARIABLE = YES;
				IPHONEOS_DEPLOYMENT_TARGET = 8.1;
				MTL_ENABLE_DEBUG_INFO = YES;
				ONLY_ACTIVE_ARCH = YES;
				SDKROOT = iphoneos;
				TARGETED_DEVICE_FAMILY = "1,2";
			};
			name = Debug;
		};
		22F9EC521A5DEB2500728BDB /* Release */ = {
			isa = XCBuildConfiguration;
			buildSettings = {
				ALWAYS_SEARCH_USER_PATHS = NO;
				CLANG_CXX_LANGUAGE_STANDARD = "gnu++0x";
				CLANG_CXX_LIBRARY = "libc++";
				CLANG_ENABLE_MODULES = YES;
				CLANG_ENABLE_OBJC_ARC = YES;
				CLANG_WARN_BOOL_CONVERSION = YES;
				CLANG_WARN_CONSTANT_CONVERSION = YES;
				CLANG_WARN_DIRECT_OBJC_ISA_USAGE = YES_ERROR;
				CLANG_WARN_EMPTY_BODY = YES;
				CLANG_WARN_ENUM_CONVERSION = YES;
				CLANG_WARN_INT_CONVERSION = YES;
				CLANG_WARN_OBJC_ROOT_CLASS = YES_ERROR;
				CLANG_WARN_UNREACHABLE_CODE = YES;
				CLANG_WARN__DUPLICATE_METHOD_MATCH = YES;
				"CODE_SIGN_IDENTITY[sdk=iphoneos*]" = "iPhone Developer";
				COPY_PHASE_STRIP = YES;
				ENABLE_NS_ASSERTIONS = NO;
				ENABLE_STRICT_OBJC_MSGSEND = YES;
				GCC_C_LANGUAGE_STANDARD = gnu99;
				GCC_WARN_64_TO_32_BIT_CONVERSION = YES;
				GCC_WARN_ABOUT_RETURN_TYPE = YES_ERROR;
				GCC_WARN_UNDECLARED_SELECTOR = YES;
				GCC_WARN_UNINITIALIZED_AUTOS = YES_AGGRESSIVE;
				GCC_WARN_UNUSED_FUNCTION = YES;
				GCC_WARN_UNUSED_VARIABLE = YES;
				IPHONEOS_DEPLOYMENT_TARGET = 8.1;
				MTL_ENABLE_DEBUG_INFO = NO;
				SDKROOT = iphoneos;
				TARGETED_DEVICE_FAMILY = "1,2";
				VALIDATE_PRODUCT = YES;
			};
			name = Release;
		};
		22F9EC541A5DEB2500728BDB /* Debug */ = {
			isa = XCBuildConfiguration;
			buildSettings = {
				ASSETCATALOG_COMPILER_APPICON_NAME = AppIcon;
				INFOPLIST_FILE = TableViewFizz/Info.plist;
				LD_RUNPATH_SEARCH_PATHS = "$(inherited) @executable_path/Frameworks";
				PRODUCT_NAME = "$(TARGET_NAME)";
			};
			name = Debug;
		};
		22F9EC551A5DEB2500728BDB /* Release */ = {
			isa = XCBuildConfiguration;
			buildSettings = {
				ASSETCATALOG_COMPILER_APPICON_NAME = AppIcon;
				INFOPLIST_FILE = TableViewFizz/Info.plist;
				LD_RUNPATH_SEARCH_PATHS = "$(inherited) @executable_path/Frameworks";
				PRODUCT_NAME = "$(TARGET_NAME)";
			};
			name = Release;
		};
		22F9EC571A5DEB2500728BDB /* Debug */ = {
			isa = XCBuildConfiguration;
			buildSettings = {
				BUNDLE_LOADER = "$(TEST_HOST)";
				FRAMEWORK_SEARCH_PATHS = (
					"$(SDKROOT)/Developer/Library/Frameworks",
					"$(inherited)",
				);
				GCC_PREPROCESSOR_DEFINITIONS = (
					"DEBUG=1",
					"$(inherited)",
				);
				INFOPLIST_FILE = TableViewFizzTests/Info.plist;
				LD_RUNPATH_SEARCH_PATHS = "$(inherited) @executable_path/Frameworks @loader_path/Frameworks";
				PRODUCT_NAME = "$(TARGET_NAME)";
				TEST_HOST = "$(BUILT_PRODUCTS_DIR)/TableViewFizz.app/TableViewFizz";
			};
			name = Debug;
		};
		22F9EC581A5DEB2500728BDB /* Release */ = {
			isa = XCBuildConfiguration;
			buildSettings = {
				BUNDLE_LOADER = "$(TEST_HOST)";
				FRAMEWORK_SEARCH_PATHS = (
					"$(SDKROOT)/Developer/Library/Frameworks",
					"$(inherited)",
				);
				INFOPLIST_FILE = TableViewFizzTests/Info.plist;
				LD_RUNPATH_SEARCH_PATHS = "$(inherited) @executable_path/Frameworks @loader_path/Frameworks";
				PRODUCT_NAME = "$(TARGET_NAME)";
				TEST_HOST = "$(BUILT_PRODUCTS_DIR)/TableViewFizz.app/TableViewFizz";
			};
			name = Release;
		};
/* End XCBuildConfiguration section */

/* Begin XCConfigurationList section */
		22F9EC2B1A5DEB2500728BDB /* Build configuration list for PBXProject "TableViewFizz" */ = {
			isa = XCConfigurationList;
			buildConfigurations = (
				22F9EC511A5DEB2500728BDB /* Debug */,
				22F9EC521A5DEB2500728BDB /* Release */,
			);
			defaultConfigurationIsVisible = 0;
			defaultConfigurationName = Release;
		};
		22F9EC531A5DEB2500728BDB /* Build configuration list for PBXNativeTarget "TableViewFizz" */ = {
			isa = XCConfigurationList;
			buildConfigurations = (
				22F9EC541A5DEB2500728BDB /* Debug */,
				22F9EC551A5DEB2500728BDB /* Release */,
			);
			defaultConfigurationIsVisible = 0;
		};
		22F9EC561A5DEB2500728BDB /* Build configuration list for PBXNativeTarget "TableViewFizzTests" */ = {
			isa = XCConfigurationList;
			buildConfigurations = (
				22F9EC571A5DEB2500728BDB /* Debug */,
				22F9EC581A5DEB2500728BDB /* Release */,
			);
			defaultConfigurationIsVisible = 0;
		};
/* End XCConfigurationList section */
	};
	rootObject = 22F9EC281A5DEB2500728BDB /* Project object */;
}
