// !$*UTF8*$!
{
	archiveVersion = 1;
	classes = {
	};
	objectVersion = 46;
	objects = {

/* Begin PBXBuildFile section */
		221C8A9119ABB0D400B8DEEA /* IWAImageViewController.m in Sources */ = {isa = PBXBuildFile; fileRef = 221C8A9019ABB0D400B8DEEA /* IWAImageViewController.m */; };
		2235F35519A628F300AC802D /* Foundation.framework in Frameworks */ = {isa = PBXBuildFile; fileRef = 2235F35419A628F300AC802D /* Foundation.framework */; };
		2235F35719A628F300AC802D /* CoreGraphics.framework in Frameworks */ = {isa = PBXBuildFile; fileRef = 2235F35619A628F300AC802D /* CoreGraphics.framework */; };
		2235F35919A628F300AC802D /* UIKit.framework in Frameworks */ = {isa = PBXBuildFile; fileRef = 2235F35819A628F300AC802D /* UIKit.framework */; };
		2235F35F19A628F300AC802D /* InfoPlist.strings in Resources */ = {isa = PBXBuildFile; fileRef = 2235F35D19A628F300AC802D /* InfoPlist.strings */; };
		2235F36119A628F300AC802D /* main.m in Sources */ = {isa = PBXBuildFile; fileRef = 2235F36019A628F300AC802D /* main.m */; };
		2235F36519A628F300AC802D /* IWAAppDelegate.m in Sources */ = {isa = PBXBuildFile; fileRef = 2235F36419A628F300AC802D /* IWAAppDelegate.m */; };
		2235F36819A628F300AC802D /* Main.storyboard in Resources */ = {isa = PBXBuildFile; fileRef = 2235F36619A628F300AC802D /* Main.storyboard */; };
		2235F36B19A628F300AC802D /* IWAViewController.m in Sources */ = {isa = PBXBuildFile; fileRef = 2235F36A19A628F300AC802D /* IWAViewController.m */; };
		2235F36D19A628F300AC802D /* Images.xcassets in Resources */ = {isa = PBXBuildFile; fileRef = 2235F36C19A628F300AC802D /* Images.xcassets */; };
		2235F37419A628F300AC802D /* XCTest.framework in Frameworks */ = {isa = PBXBuildFile; fileRef = 2235F37319A628F300AC802D /* XCTest.framework */; };
		2235F37519A628F300AC802D /* Foundation.framework in Frameworks */ = {isa = PBXBuildFile; fileRef = 2235F35419A628F300AC802D /* Foundation.framework */; };
		2235F37619A628F300AC802D /* UIKit.framework in Frameworks */ = {isa = PBXBuildFile; fileRef = 2235F35819A628F300AC802D /* UIKit.framework */; };
		2235F37E19A628F300AC802D /* InfoPlist.strings in Resources */ = {isa = PBXBuildFile; fileRef = 2235F37C19A628F300AC802D /* InfoPlist.strings */; };
		2235F38019A628F300AC802D /* InstaWhat_Tests.m in Sources */ = {isa = PBXBuildFile; fileRef = 2235F37F19A628F300AC802D /* InstaWhat_Tests.m */; };
		22EC3B6019AB7AC800FBBD24 /* IWAFilterViewController.m in Sources */ = {isa = PBXBuildFile; fileRef = 22EC3B5F19AB7AC800FBBD24 /* IWAFilterViewController.m */; };
/* End PBXBuildFile section */

/* Begin PBXContainerItemProxy section */
		2235F37719A628F300AC802D /* PBXContainerItemProxy */ = {
			isa = PBXContainerItemProxy;
			containerPortal = 2235F34919A628F300AC802D /* Project object */;
			proxyType = 1;
			remoteGlobalIDString = 2235F35019A628F300AC802D;
			remoteInfo = "InstaWhat?";
		};
/* End PBXContainerItemProxy section */

/* Begin PBXFileReference section */
		221C8A8F19ABB0D400B8DEEA /* IWAImageViewController.h */ = {isa = PBXFileReference; fileEncoding = 4; lastKnownFileType = sourcecode.c.h; path = IWAImageViewController.h; sourceTree = "<group>"; };
		221C8A9019ABB0D400B8DEEA /* IWAImageViewController.m */ = {isa = PBXFileReference; fileEncoding = 4; lastKnownFileType = sourcecode.c.objc; path = IWAImageViewController.m; sourceTree = "<group>"; };
		2235F35119A628F300AC802D /* InstaWhat?.app */ = {isa = PBXFileReference; explicitFileType = wrapper.application; includeInIndex = 0; path = "InstaWhat?.app"; sourceTree = BUILT_PRODUCTS_DIR; };
		2235F35419A628F300AC802D /* Foundation.framework */ = {isa = PBXFileReference; lastKnownFileType = wrapper.framework; name = Foundation.framework; path = System/Library/Frameworks/Foundation.framework; sourceTree = SDKROOT; };
		2235F35619A628F300AC802D /* CoreGraphics.framework */ = {isa = PBXFileReference; lastKnownFileType = wrapper.framework; name = CoreGraphics.framework; path = System/Library/Frameworks/CoreGraphics.framework; sourceTree = SDKROOT; };
		2235F35819A628F300AC802D /* UIKit.framework */ = {isa = PBXFileReference; lastKnownFileType = wrapper.framework; name = UIKit.framework; path = System/Library/Frameworks/UIKit.framework; sourceTree = SDKROOT; };
		2235F35C19A628F300AC802D /* InstaWhat?-Info.plist */ = {isa = PBXFileReference; lastKnownFileType = text.plist.xml; path = "InstaWhat?-Info.plist"; sourceTree = "<group>"; };
		2235F35E19A628F300AC802D /* en */ = {isa = PBXFileReference; lastKnownFileType = text.plist.strings; name = en; path = en.lproj/InfoPlist.strings; sourceTree = "<group>"; };
		2235F36019A628F300AC802D /* main.m */ = {isa = PBXFileReference; lastKnownFileType = sourcecode.c.objc; path = main.m; sourceTree = "<group>"; };
		2235F36219A628F300AC802D /* InstaWhat?-Prefix.pch */ = {isa = PBXFileReference; lastKnownFileType = sourcecode.c.h; path = "InstaWhat?-Prefix.pch"; sourceTree = "<group>"; };
		2235F36319A628F300AC802D /* IWAAppDelegate.h */ = {isa = PBXFileReference; lastKnownFileType = sourcecode.c.h; path = IWAAppDelegate.h; sourceTree = "<group>"; };
		2235F36419A628F300AC802D /* IWAAppDelegate.m */ = {isa = PBXFileReference; lastKnownFileType = sourcecode.c.objc; path = IWAAppDelegate.m; sourceTree = "<group>"; };
		2235F36719A628F300AC802D /* Base */ = {isa = PBXFileReference; lastKnownFileType = file.storyboard; name = Base; path = Base.lproj/Main.storyboard; sourceTree = "<group>"; };
		2235F36919A628F300AC802D /* IWAViewController.h */ = {isa = PBXFileReference; lastKnownFileType = sourcecode.c.h; path = IWAViewController.h; sourceTree = "<group>"; };
		2235F36A19A628F300AC802D /* IWAViewController.m */ = {isa = PBXFileReference; lastKnownFileType = sourcecode.c.objc; path = IWAViewController.m; sourceTree = "<group>"; };
		2235F36C19A628F300AC802D /* Images.xcassets */ = {isa = PBXFileReference; lastKnownFileType = folder.assetcatalog; path = Images.xcassets; sourceTree = "<group>"; };
		2235F37219A628F300AC802D /* InstaWhat?Tests.xctest */ = {isa = PBXFileReference; explicitFileType = wrapper.cfbundle; includeInIndex = 0; path = "InstaWhat?Tests.xctest"; sourceTree = BUILT_PRODUCTS_DIR; };
		2235F37319A628F300AC802D /* XCTest.framework */ = {isa = PBXFileReference; lastKnownFileType = wrapper.framework; name = XCTest.framework; path = Library/Frameworks/XCTest.framework; sourceTree = DEVELOPER_DIR; };
		2235F37B19A628F300AC802D /* InstaWhat?Tests-Info.plist */ = {isa = PBXFileReference; lastKnownFileType = text.plist.xml; path = "InstaWhat?Tests-Info.plist"; sourceTree = "<group>"; };
		2235F37D19A628F300AC802D /* en */ = {isa = PBXFileReference; lastKnownFileType = text.plist.strings; name = en; path = en.lproj/InfoPlist.strings; sourceTree = "<group>"; };
		2235F37F19A628F300AC802D /* InstaWhat_Tests.m */ = {isa = PBXFileReference; lastKnownFileType = sourcecode.c.objc; path = InstaWhat_Tests.m; sourceTree = "<group>"; };
		22EC3B5E19AB7AC800FBBD24 /* IWAFilterViewController.h */ = {isa = PBXFileReference; fileEncoding = 4; lastKnownFileType = sourcecode.c.h; path = IWAFilterViewController.h; sourceTree = "<group>"; };
		22EC3B5F19AB7AC800FBBD24 /* IWAFilterViewController.m */ = {isa = PBXFileReference; fileEncoding = 4; lastKnownFileType = sourcecode.c.objc; path = IWAFilterViewController.m; sourceTree = "<group>"; };
/* End PBXFileReference section */

/* Begin PBXFrameworksBuildPhase section */
		2235F34E19A628F300AC802D /* Frameworks */ = {
			isa = PBXFrameworksBuildPhase;
			buildActionMask = 2147483647;
			files = (
				2235F35719A628F300AC802D /* CoreGraphics.framework in Frameworks */,
				2235F35919A628F300AC802D /* UIKit.framework in Frameworks */,
				2235F35519A628F300AC802D /* Foundation.framework in Frameworks */,
			);
			runOnlyForDeploymentPostprocessing = 0;
		};
		2235F36F19A628F300AC802D /* Frameworks */ = {
			isa = PBXFrameworksBuildPhase;
			buildActionMask = 2147483647;
			files = (
				2235F37419A628F300AC802D /* XCTest.framework in Frameworks */,
				2235F37619A628F300AC802D /* UIKit.framework in Frameworks */,
				2235F37519A628F300AC802D /* Foundation.framework in Frameworks */,
			);
			runOnlyForDeploymentPostprocessing = 0;
		};
/* End PBXFrameworksBuildPhase section */

/* Begin PBXGroup section */
		2235F34819A628F300AC802D = {
			isa = PBXGroup;
			children = (
				2235F35A19A628F300AC802D /* InstaWhat? */,
				2235F37919A628F300AC802D /* InstaWhat?Tests */,
				2235F35319A628F300AC802D /* Frameworks */,
				2235F35219A628F300AC802D /* Products */,
			);
			sourceTree = "<group>";
		};
		2235F35219A628F300AC802D /* Products */ = {
			isa = PBXGroup;
			children = (
				2235F35119A628F300AC802D /* InstaWhat?.app */,
				2235F37219A628F300AC802D /* InstaWhat?Tests.xctest */,
			);
			name = Products;
			sourceTree = "<group>";
		};
		2235F35319A628F300AC802D /* Frameworks */ = {
			isa = PBXGroup;
			children = (
				2235F35419A628F300AC802D /* Foundation.framework */,
				2235F35619A628F300AC802D /* CoreGraphics.framework */,
				2235F35819A628F300AC802D /* UIKit.framework */,
				2235F37319A628F300AC802D /* XCTest.framework */,
			);
			name = Frameworks;
			sourceTree = "<group>";
		};
		2235F35A19A628F300AC802D /* InstaWhat? */ = {
			isa = PBXGroup;
			children = (
				2235F36319A628F300AC802D /* IWAAppDelegate.h */,
				2235F36419A628F300AC802D /* IWAAppDelegate.m */,
				2235F36619A628F300AC802D /* Main.storyboard */,
				2235F36919A628F300AC802D /* IWAViewController.h */,
				2235F36A19A628F300AC802D /* IWAViewController.m */,
				22EC3B5E19AB7AC800FBBD24 /* IWAFilterViewController.h */,
				22EC3B5F19AB7AC800FBBD24 /* IWAFilterViewController.m */,
				221C8A8F19ABB0D400B8DEEA /* IWAImageViewController.h */,
				221C8A9019ABB0D400B8DEEA /* IWAImageViewController.m */,
				2235F36C19A628F300AC802D /* Images.xcassets */,
				2235F35B19A628F300AC802D /* Supporting Files */,
			);
			path = "InstaWhat?";
			sourceTree = "<group>";
		};
		2235F35B19A628F300AC802D /* Supporting Files */ = {
			isa = PBXGroup;
			children = (
				2235F35C19A628F300AC802D /* InstaWhat?-Info.plist */,
				2235F35D19A628F300AC802D /* InfoPlist.strings */,
				2235F36019A628F300AC802D /* main.m */,
				2235F36219A628F300AC802D /* InstaWhat?-Prefix.pch */,
			);
			name = "Supporting Files";
			sourceTree = "<group>";
		};
		2235F37919A628F300AC802D /* InstaWhat?Tests */ = {
			isa = PBXGroup;
			children = (
				2235F37F19A628F300AC802D /* InstaWhat_Tests.m */,
				2235F37A19A628F300AC802D /* Supporting Files */,
			);
			path = "InstaWhat?Tests";
			sourceTree = "<group>";
		};
		2235F37A19A628F300AC802D /* Supporting Files */ = {
			isa = PBXGroup;
			children = (
				2235F37B19A628F300AC802D /* InstaWhat?Tests-Info.plist */,
				2235F37C19A628F300AC802D /* InfoPlist.strings */,
			);
			name = "Supporting Files";
			sourceTree = "<group>";
		};
/* End PBXGroup section */

/* Begin PBXNativeTarget section */
		2235F35019A628F300AC802D /* InstaWhat? */ = {
			isa = PBXNativeTarget;
			buildConfigurationList = 2235F38319A628F300AC802D /* Build configuration list for PBXNativeTarget "InstaWhat?" */;
			buildPhases = (
				2235F34D19A628F300AC802D /* Sources */,
				2235F34E19A628F300AC802D /* Frameworks */,
				2235F34F19A628F300AC802D /* Resources */,
			);
			buildRules = (
			);
			dependencies = (
			);
			name = "InstaWhat?";
			productName = "InstaWhat?";
			productReference = 2235F35119A628F300AC802D /* InstaWhat?.app */;
			productType = "com.apple.product-type.application";
		};
		2235F37119A628F300AC802D /* InstaWhat?Tests */ = {
			isa = PBXNativeTarget;
			buildConfigurationList = 2235F38619A628F300AC802D /* Build configuration list for PBXNativeTarget "InstaWhat?Tests" */;
			buildPhases = (
				2235F36E19A628F300AC802D /* Sources */,
				2235F36F19A628F300AC802D /* Frameworks */,
				2235F37019A628F300AC802D /* Resources */,
			);
			buildRules = (
			);
			dependencies = (
				2235F37819A628F300AC802D /* PBXTargetDependency */,
			);
			name = "InstaWhat?Tests";
			productName = "InstaWhat?Tests";
			productReference = 2235F37219A628F300AC802D /* InstaWhat?Tests.xctest */;
			productType = "com.apple.product-type.bundle.unit-test";
		};
/* End PBXNativeTarget section */

/* Begin PBXProject section */
		2235F34919A628F300AC802D /* Project object */ = {
			isa = PBXProject;
			attributes = {
				CLASSPREFIX = IWA;
				LastUpgradeCheck = 0510;
				ORGANIZATIONNAME = "Merritt Tidwell";
				TargetAttributes = {
					2235F37119A628F300AC802D = {
						TestTargetID = 2235F35019A628F300AC802D;
					};
				};
			};
			buildConfigurationList = 2235F34C19A628F300AC802D /* Build configuration list for PBXProject "InstaWhat?" */;
			compatibilityVersion = "Xcode 3.2";
			developmentRegion = English;
			hasScannedForEncodings = 0;
			knownRegions = (
				en,
				Base,
			);
			mainGroup = 2235F34819A628F300AC802D;
			productRefGroup = 2235F35219A628F300AC802D /* Products */;
			projectDirPath = "";
			projectRoot = "";
			targets = (
				2235F35019A628F300AC802D /* InstaWhat? */,
				2235F37119A628F300AC802D /* InstaWhat?Tests */,
			);
		};
/* End PBXProject section */

/* Begin PBXResourcesBuildPhase section */
		2235F34F19A628F300AC802D /* Resources */ = {
			isa = PBXResourcesBuildPhase;
			buildActionMask = 2147483647;
			files = (
				2235F36D19A628F300AC802D /* Images.xcassets in Resources */,
				2235F35F19A628F300AC802D /* InfoPlist.strings in Resources */,
				2235F36819A628F300AC802D /* Main.storyboard in Resources */,
			);
			runOnlyForDeploymentPostprocessing = 0;
		};
		2235F37019A628F300AC802D /* Resources */ = {
			isa = PBXResourcesBuildPhase;
			buildActionMask = 2147483647;
			files = (
				2235F37E19A628F300AC802D /* InfoPlist.strings in Resources */,
			);
			runOnlyForDeploymentPostprocessing = 0;
		};
/* End PBXResourcesBuildPhase section */

/* Begin PBXSourcesBuildPhase section */
		2235F34D19A628F300AC802D /* Sources */ = {
			isa = PBXSourcesBuildPhase;
			buildActionMask = 2147483647;
			files = (
				2235F36B19A628F300AC802D /* IWAViewController.m in Sources */,
				2235F36519A628F300AC802D /* IWAAppDelegate.m in Sources */,
				22EC3B6019AB7AC800FBBD24 /* IWAFilterViewController.m in Sources */,
				221C8A9119ABB0D400B8DEEA /* IWAImageViewController.m in Sources */,
				2235F36119A628F300AC802D /* main.m in Sources */,
			);
			runOnlyForDeploymentPostprocessing = 0;
		};
		2235F36E19A628F300AC802D /* Sources */ = {
			isa = PBXSourcesBuildPhase;
			buildActionMask = 2147483647;
			files = (
				2235F38019A628F300AC802D /* InstaWhat_Tests.m in Sources */,
			);
			runOnlyForDeploymentPostprocessing = 0;
		};
/* End PBXSourcesBuildPhase section */

/* Begin PBXTargetDependency section */
		2235F37819A628F300AC802D /* PBXTargetDependency */ = {
			isa = PBXTargetDependency;
			target = 2235F35019A628F300AC802D /* InstaWhat? */;
			targetProxy = 2235F37719A628F300AC802D /* PBXContainerItemProxy */;
		};
/* End PBXTargetDependency section */

/* Begin PBXVariantGroup section */
		2235F35D19A628F300AC802D /* InfoPlist.strings */ = {
			isa = PBXVariantGroup;
			children = (
				2235F35E19A628F300AC802D /* en */,
			);
			name = InfoPlist.strings;
			sourceTree = "<group>";
		};
		2235F36619A628F300AC802D /* Main.storyboard */ = {
			isa = PBXVariantGroup;
			children = (
				2235F36719A628F300AC802D /* Base */,
			);
			name = Main.storyboard;
			sourceTree = "<group>";
		};
		2235F37C19A628F300AC802D /* InfoPlist.strings */ = {
			isa = PBXVariantGroup;
			children = (
				2235F37D19A628F300AC802D /* en */,
			);
			name = InfoPlist.strings;
			sourceTree = "<group>";
		};
/* End PBXVariantGroup section */

/* Begin XCBuildConfiguration section */
		2235F38119A628F300AC802D /* Debug */ = {
			isa = XCBuildConfiguration;
			buildSettings = {
				ALWAYS_SEARCH_USER_PATHS = NO;
				CLANG_CXX_LANGUAGE_STANDARD = "gnu++0x";
				CLANG_CXX_LIBRARY = "libc++";
				CLANG_ENABLE_MODULES = YES;
				CLANG_ENABLE_OBJC_ARC = YES;
				CLANG_WARN_BOOL_CONVERSION = YES;
				CLANG_WARN_CONSTANT_CONVERSION = YES;
				CLANG_WARN_DIRECT_OBJC_ISA_USAGE = YES_ERROR;
				CLANG_WARN_EMPTY_BODY = YES;
				CLANG_WARN_ENUM_CONVERSION = YES;
				CLANG_WARN_INT_CONVERSION = YES;
				CLANG_WARN_OBJC_ROOT_CLASS = YES_ERROR;
				CLANG_WARN__DUPLICATE_METHOD_MATCH = YES;
				"CODE_SIGN_IDENTITY[sdk=iphoneos*]" = "iPhone Developer";
				COPY_PHASE_STRIP = NO;
				GCC_C_LANGUAGE_STANDARD = gnu99;
				GCC_DYNAMIC_NO_PIC = NO;
				GCC_OPTIMIZATION_LEVEL = 0;
				GCC_PREPROCESSOR_DEFINITIONS = (
					"DEBUG=1",
					"$(inherited)",
				);
				GCC_SYMBOLS_PRIVATE_EXTERN = NO;
				GCC_WARN_64_TO_32_BIT_CONVERSION = YES;
				GCC_WARN_ABOUT_RETURN_TYPE = YES_ERROR;
				GCC_WARN_UNDECLARED_SELECTOR = YES;
				GCC_WARN_UNINITIALIZED_AUTOS = YES_AGGRESSIVE;
				GCC_WARN_UNUSED_FUNCTION = YES;
				GCC_WARN_UNUSED_VARIABLE = YES;
				IPHONEOS_DEPLOYMENT_TARGET = 7.1;
				ONLY_ACTIVE_ARCH = YES;
				SDKROOT = iphoneos;
			};
			name = Debug;
		};
		2235F38219A628F300AC802D /* Release */ = {
			isa = XCBuildConfiguration;
			buildSettings = {
				ALWAYS_SEARCH_USER_PATHS = NO;
				CLANG_CXX_LANGUAGE_STANDARD = "gnu++0x";
				CLANG_CXX_LIBRARY = "libc++";
				CLANG_ENABLE_MODULES = YES;
				CLANG_ENABLE_OBJC_ARC = YES;
				CLANG_WARN_BOOL_CONVERSION = YES;
				CLANG_WARN_CONSTANT_CONVERSION = YES;
				CLANG_WARN_DIRECT_OBJC_ISA_USAGE = YES_ERROR;
				CLANG_WARN_EMPTY_BODY = YES;
				CLANG_WARN_ENUM_CONVERSION = YES;
				CLANG_WARN_INT_CONVERSION = YES;
				CLANG_WARN_OBJC_ROOT_CLASS = YES_ERROR;
				CLANG_WARN__DUPLICATE_METHOD_MATCH = YES;
				"CODE_SIGN_IDENTITY[sdk=iphoneos*]" = "iPhone Developer";
				COPY_PHASE_STRIP = YES;
				ENABLE_NS_ASSERTIONS = NO;
				GCC_C_LANGUAGE_STANDARD = gnu99;
				GCC_WARN_64_TO_32_BIT_CONVERSION = YES;
				GCC_WARN_ABOUT_RETURN_TYPE = YES_ERROR;
				GCC_WARN_UNDECLARED_SELECTOR = YES;
				GCC_WARN_UNINITIALIZED_AUTOS = YES_AGGRESSIVE;
				GCC_WARN_UNUSED_FUNCTION = YES;
				GCC_WARN_UNUSED_VARIABLE = YES;
				IPHONEOS_DEPLOYMENT_TARGET = 7.1;
				SDKROOT = iphoneos;
				VALIDATE_PRODUCT = YES;
			};
			name = Release;
		};
		2235F38419A628F300AC802D /* Debug */ = {
			isa = XCBuildConfiguration;
			buildSettings = {
				ASSETCATALOG_COMPILER_APPICON_NAME = AppIcon;
				ASSETCATALOG_COMPILER_LAUNCHIMAGE_NAME = LaunchImage;
				GCC_PRECOMPILE_PREFIX_HEADER = YES;
				GCC_PREFIX_HEADER = "InstaWhat?/InstaWhat?-Prefix.pch";
				INFOPLIST_FILE = "InstaWhat?/InstaWhat?-Info.plist";
				PRODUCT_NAME = "$(TARGET_NAME)";
				WRAPPER_EXTENSION = app;
			};
			name = Debug;
		};
		2235F38519A628F300AC802D /* Release */ = {
			isa = XCBuildConfiguration;
			buildSettings = {
				ASSETCATALOG_COMPILER_APPICON_NAME = AppIcon;
				ASSETCATALOG_COMPILER_LAUNCHIMAGE_NAME = LaunchImage;
				GCC_PRECOMPILE_PREFIX_HEADER = YES;
				GCC_PREFIX_HEADER = "InstaWhat?/InstaWhat?-Prefix.pch";
				INFOPLIST_FILE = "InstaWhat?/InstaWhat?-Info.plist";
				PRODUCT_NAME = "$(TARGET_NAME)";
				WRAPPER_EXTENSION = app;
			};
			name = Release;
		};
		2235F38719A628F300AC802D /* Debug */ = {
			isa = XCBuildConfiguration;
			buildSettings = {
				BUNDLE_LOADER = "$(BUILT_PRODUCTS_DIR)/InstaWhat?.app/InstaWhat?";
				FRAMEWORK_SEARCH_PATHS = (
					"$(SDKROOT)/Developer/Library/Frameworks",
					"$(inherited)",
					"$(DEVELOPER_FRAMEWORKS_DIR)",
				);
				GCC_PRECOMPILE_PREFIX_HEADER = YES;
				GCC_PREFIX_HEADER = "InstaWhat?/InstaWhat?-Prefix.pch";
				GCC_PREPROCESSOR_DEFINITIONS = (
					"DEBUG=1",
					"$(inherited)",
				);
				INFOPLIST_FILE = "InstaWhat?Tests/InstaWhat?Tests-Info.plist";
				PRODUCT_NAME = "$(TARGET_NAME)";
				TEST_HOST = "$(BUNDLE_LOADER)";
				WRAPPER_EXTENSION = xctest;
			};
			name = Debug;
		};
		2235F38819A628F300AC802D /* Release */ = {
			isa = XCBuildConfiguration;
			buildSettings = {
				BUNDLE_LOADER = "$(BUILT_PRODUCTS_DIR)/InstaWhat?.app/InstaWhat?";
				FRAMEWORK_SEARCH_PATHS = (
					"$(SDKROOT)/Developer/Library/Frameworks",
					"$(inherited)",
					"$(DEVELOPER_FRAMEWORKS_DIR)",
				);
				GCC_PRECOMPILE_PREFIX_HEADER = YES;
				GCC_PREFIX_HEADER = "InstaWhat?/InstaWhat?-Prefix.pch";
				INFOPLIST_FILE = "InstaWhat?Tests/InstaWhat?Tests-Info.plist";
				PRODUCT_NAME = "$(TARGET_NAME)";
				TEST_HOST = "$(BUNDLE_LOADER)";
				WRAPPER_EXTENSION = xctest;
			};
			name = Release;
		};
/* End XCBuildConfiguration section */

/* Begin XCConfigurationList section */
		2235F34C19A628F300AC802D /* Build configuration list for PBXProject "InstaWhat?" */ = {
			isa = XCConfigurationList;
			buildConfigurations = (
				2235F38119A628F300AC802D /* Debug */,
				2235F38219A628F300AC802D /* Release */,
			);
			defaultConfigurationIsVisible = 0;
			defaultConfigurationName = Release;
		};
		2235F38319A628F300AC802D /* Build configuration list for PBXNativeTarget "InstaWhat?" */ = {
			isa = XCConfigurationList;
			buildConfigurations = (
				2235F38419A628F300AC802D /* Debug */,
				2235F38519A628F300AC802D /* Release */,
			);
			defaultConfigurationIsVisible = 0;
			defaultConfigurationName = Release;
		};
		2235F38619A628F300AC802D /* Build configuration list for PBXNativeTarget "InstaWhat?Tests" */ = {
			isa = XCConfigurationList;
			buildConfigurations = (
				2235F38719A628F300AC802D /* Debug */,
				2235F38819A628F300AC802D /* Release */,
			);
			defaultConfigurationIsVisible = 0;
			defaultConfigurationName = Release;
		};
/* End XCConfigurationList section */
	};
	rootObject = 2235F34919A628F300AC802D /* Project object */;
}
