// !$*UTF8*$!
{
	archiveVersion = 1;
	classes = {
	};
	objectVersion = 46;
	objects = {

/* Begin PBXBuildFile section */
		22EECA6519B4C0FB006C52DA /* main.m in Sources */ = {isa = PBXBuildFile; fileRef = 22EECA6419B4C0FB006C52DA /* main.m */; };
		22EECA6819B4C0FB006C52DA /* AppDelegate.m in Sources */ = {isa = PBXBuildFile; fileRef = 22EECA6719B4C0FB006C52DA /* AppDelegate.m */; };
		22EECA6B19B4C0FB006C52DA /* ViewController.m in Sources */ = {isa = PBXBuildFile; fileRef = 22EECA6A19B4C0FB006C52DA /* ViewController.m */; };
		22EECA6E19B4C0FB006C52DA /* Main.storyboard in Resources */ = {isa = PBXBuildFile; fileRef = 22EECA6C19B4C0FB006C52DA /* Main.storyboard */; };
		22EECA7019B4C0FB006C52DA /* Images.xcassets in Resources */ = {isa = PBXBuildFile; fileRef = 22EECA6F19B4C0FB006C52DA /* Images.xcassets */; };
		22EECA7C19B4C0FB006C52DA /* reneisthemanTests.m in Sources */ = {isa = PBXBuildFile; fileRef = 22EECA7B19B4C0FB006C52DA /* reneisthemanTests.m */; };
		22EECA8719B4C1CC006C52DA /* anotherVCClassViewController.m in Sources */ = {isa = PBXBuildFile; fileRef = 22EECA8619B4C1CC006C52DA /* anotherVCClassViewController.m */; };
		22EECA8A19B4C4BA006C52DA /* onemore.m in Sources */ = {isa = PBXBuildFile; fileRef = 22EECA8919B4C4BA006C52DA /* onemore.m */; };
/* End PBXBuildFile section */

/* Begin PBXContainerItemProxy section */
		22EECA7619B4C0FB006C52DA /* PBXContainerItemProxy */ = {
			isa = PBXContainerItemProxy;
			containerPortal = 22EECA5719B4C0FB006C52DA /* Project object */;
			proxyType = 1;
			remoteGlobalIDString = 22EECA5E19B4C0FB006C52DA;
			remoteInfo = reneistheman;
		};
/* End PBXContainerItemProxy section */

/* Begin PBXFileReference section */
		22EECA5F19B4C0FB006C52DA /* reneistheman.app */ = {isa = PBXFileReference; explicitFileType = wrapper.application; includeInIndex = 0; path = reneistheman.app; sourceTree = BUILT_PRODUCTS_DIR; };
		22EECA6319B4C0FB006C52DA /* Info.plist */ = {isa = PBXFileReference; lastKnownFileType = text.plist.xml; path = Info.plist; sourceTree = "<group>"; };
		22EECA6419B4C0FB006C52DA /* main.m */ = {isa = PBXFileReference; lastKnownFileType = sourcecode.c.objc; path = main.m; sourceTree = "<group>"; };
		22EECA6619B4C0FB006C52DA /* AppDelegate.h */ = {isa = PBXFileReference; lastKnownFileType = sourcecode.c.h; path = AppDelegate.h; sourceTree = "<group>"; };
		22EECA6719B4C0FB006C52DA /* AppDelegate.m */ = {isa = PBXFileReference; lastKnownFileType = sourcecode.c.objc; path = AppDelegate.m; sourceTree = "<group>"; };
		22EECA6919B4C0FB006C52DA /* ViewController.h */ = {isa = PBXFileReference; lastKnownFileType = sourcecode.c.h; path = ViewController.h; sourceTree = "<group>"; };
		22EECA6A19B4C0FB006C52DA /* ViewController.m */ = {isa = PBXFileReference; lastKnownFileType = sourcecode.c.objc; path = ViewController.m; sourceTree = "<group>"; };
		22EECA6D19B4C0FB006C52DA /* Base */ = {isa = PBXFileReference; lastKnownFileType = file.storyboard; name = Base; path = Base.lproj/Main.storyboard; sourceTree = "<group>"; };
		22EECA6F19B4C0FB006C52DA /* Images.xcassets */ = {isa = PBXFileReference; lastKnownFileType = folder.assetcatalog; path = Images.xcassets; sourceTree = "<group>"; };
		22EECA7519B4C0FB006C52DA /* reneisthemanTests.xctest */ = {isa = PBXFileReference; explicitFileType = wrapper.cfbundle; includeInIndex = 0; path = reneisthemanTests.xctest; sourceTree = BUILT_PRODUCTS_DIR; };
		22EECA7A19B4C0FB006C52DA /* Info.plist */ = {isa = PBXFileReference; lastKnownFileType = text.plist.xml; path = Info.plist; sourceTree = "<group>"; };
		22EECA7B19B4C0FB006C52DA /* reneisthemanTests.m */ = {isa = PBXFileReference; lastKnownFileType = sourcecode.c.objc; path = reneisthemanTests.m; sourceTree = "<group>"; };
		22EECA8519B4C1CC006C52DA /* anotherVCClassViewController.h */ = {isa = PBXFileReference; fileEncoding = 4; lastKnownFileType = sourcecode.c.h; path = anotherVCClassViewController.h; sourceTree = "<group>"; };
		22EECA8619B4C1CC006C52DA /* anotherVCClassViewController.m */ = {isa = PBXFileReference; fileEncoding = 4; lastKnownFileType = sourcecode.c.objc; path = anotherVCClassViewController.m; sourceTree = "<group>"; };
		22EECA8819B4C4BA006C52DA /* onemore.h */ = {isa = PBXFileReference; fileEncoding = 4; lastKnownFileType = sourcecode.c.h; name = onemore.h; path = ../onemore.h; sourceTree = "<group>"; };
		22EECA8919B4C4BA006C52DA /* onemore.m */ = {isa = PBXFileReference; fileEncoding = 4; lastKnownFileType = sourcecode.c.objc; name = onemore.m; path = ../onemore.m; sourceTree = "<group>"; };
/* End PBXFileReference section */

/* Begin PBXFrameworksBuildPhase section */
		22EECA5C19B4C0FB006C52DA /* Frameworks */ = {
			isa = PBXFrameworksBuildPhase;
			buildActionMask = 2147483647;
			files = (
			);
			runOnlyForDeploymentPostprocessing = 0;
		};
		22EECA7219B4C0FB006C52DA /* Frameworks */ = {
			isa = PBXFrameworksBuildPhase;
			buildActionMask = 2147483647;
			files = (
			);
			runOnlyForDeploymentPostprocessing = 0;
		};
/* End PBXFrameworksBuildPhase section */

/* Begin PBXGroup section */
		22EECA5619B4C0FB006C52DA = {
			isa = PBXGroup;
			children = (
				22EECA6119B4C0FB006C52DA /* reneistheman */,
				22EECA7819B4C0FB006C52DA /* reneisthemanTests */,
				22EECA6019B4C0FB006C52DA /* Products */,
			);
			sourceTree = "<group>";
		};
		22EECA6019B4C0FB006C52DA /* Products */ = {
			isa = PBXGroup;
			children = (
				22EECA5F19B4C0FB006C52DA /* reneistheman.app */,
				22EECA7519B4C0FB006C52DA /* reneisthemanTests.xctest */,
			);
			name = Products;
			sourceTree = "<group>";
		};
		22EECA6119B4C0FB006C52DA /* reneistheman */ = {
			isa = PBXGroup;
			children = (
				22EECA8819B4C4BA006C52DA /* onemore.h */,
				22EECA8919B4C4BA006C52DA /* onemore.m */,
				22EECA6919B4C0FB006C52DA /* ViewController.h */,
				22EECA6A19B4C0FB006C52DA /* ViewController.m */,
				22EECA8519B4C1CC006C52DA /* anotherVCClassViewController.h */,
				22EECA8619B4C1CC006C52DA /* anotherVCClassViewController.m */,
				22EECA6C19B4C0FB006C52DA /* Main.storyboard */,
				22EECA6F19B4C0FB006C52DA /* Images.xcassets */,
				22EECA6219B4C0FB006C52DA /* Supporting Files */,
			);
			path = reneistheman;
			sourceTree = "<group>";
		};
		22EECA6219B4C0FB006C52DA /* Supporting Files */ = {
			isa = PBXGroup;
			children = (
				22EECA6619B4C0FB006C52DA /* AppDelegate.h */,
				22EECA6719B4C0FB006C52DA /* AppDelegate.m */,
				22EECA6319B4C0FB006C52DA /* Info.plist */,
				22EECA6419B4C0FB006C52DA /* main.m */,
			);
			name = "Supporting Files";
			sourceTree = "<group>";
		};
		22EECA7819B4C0FB006C52DA /* reneisthemanTests */ = {
			isa = PBXGroup;
			children = (
				22EECA7B19B4C0FB006C52DA /* reneisthemanTests.m */,
				22EECA7919B4C0FB006C52DA /* Supporting Files */,
			);
			path = reneisthemanTests;
			sourceTree = "<group>";
		};
		22EECA7919B4C0FB006C52DA /* Supporting Files */ = {
			isa = PBXGroup;
			children = (
				22EECA7A19B4C0FB006C52DA /* Info.plist */,
			);
			name = "Supporting Files";
			sourceTree = "<group>";
		};
/* End PBXGroup section */

/* Begin PBXNativeTarget section */
		22EECA5E19B4C0FB006C52DA /* reneistheman */ = {
			isa = PBXNativeTarget;
			buildConfigurationList = 22EECA7F19B4C0FB006C52DA /* Build configuration list for PBXNativeTarget "reneistheman" */;
			buildPhases = (
				22EECA5B19B4C0FB006C52DA /* Sources */,
				22EECA5C19B4C0FB006C52DA /* Frameworks */,
				22EECA5D19B4C0FB006C52DA /* Resources */,
			);
			buildRules = (
			);
			dependencies = (
			);
			name = reneistheman;
			productName = reneistheman;
			productReference = 22EECA5F19B4C0FB006C52DA /* reneistheman.app */;
			productType = "com.apple.product-type.application";
		};
		22EECA7419B4C0FB006C52DA /* reneisthemanTests */ = {
			isa = PBXNativeTarget;
			buildConfigurationList = 22EECA8219B4C0FB006C52DA /* Build configuration list for PBXNativeTarget "reneisthemanTests" */;
			buildPhases = (
				22EECA7119B4C0FB006C52DA /* Sources */,
				22EECA7219B4C0FB006C52DA /* Frameworks */,
				22EECA7319B4C0FB006C52DA /* Resources */,
			);
			buildRules = (
			);
			dependencies = (
				22EECA7719B4C0FB006C52DA /* PBXTargetDependency */,
			);
			name = reneisthemanTests;
			productName = reneisthemanTests;
			productReference = 22EECA7519B4C0FB006C52DA /* reneisthemanTests.xctest */;
			productType = "com.apple.product-type.bundle.unit-test";
		};
/* End PBXNativeTarget section */

/* Begin PBXProject section */
		22EECA5719B4C0FB006C52DA /* Project object */ = {
			isa = PBXProject;
			attributes = {
				LastUpgradeCheck = 0600;
				ORGANIZATIONNAME = "Merritt Tidwell";
				TargetAttributes = {
					22EECA5E19B4C0FB006C52DA = {
						CreatedOnToolsVersion = 6.0;
					};
					22EECA7419B4C0FB006C52DA = {
						CreatedOnToolsVersion = 6.0;
						TestTargetID = 22EECA5E19B4C0FB006C52DA;
					};
				};
			};
			buildConfigurationList = 22EECA5A19B4C0FB006C52DA /* Build configuration list for PBXProject "reneistheman" */;
			compatibilityVersion = "Xcode 3.2";
			developmentRegion = English;
			hasScannedForEncodings = 0;
			knownRegions = (
				en,
				Base,
			);
			mainGroup = 22EECA5619B4C0FB006C52DA;
			productRefGroup = 22EECA6019B4C0FB006C52DA /* Products */;
			projectDirPath = "";
			projectRoot = "";
			targets = (
				22EECA5E19B4C0FB006C52DA /* reneistheman */,
				22EECA7419B4C0FB006C52DA /* reneisthemanTests */,
			);
		};
/* End PBXProject section */

/* Begin PBXResourcesBuildPhase section */
		22EECA5D19B4C0FB006C52DA /* Resources */ = {
			isa = PBXResourcesBuildPhase;
			buildActionMask = 2147483647;
			files = (
				22EECA6E19B4C0FB006C52DA /* Main.storyboard in Resources */,
				22EECA7019B4C0FB006C52DA /* Images.xcassets in Resources */,
			);
			runOnlyForDeploymentPostprocessing = 0;
		};
		22EECA7319B4C0FB006C52DA /* Resources */ = {
			isa = PBXResourcesBuildPhase;
			buildActionMask = 2147483647;
			files = (
			);
			runOnlyForDeploymentPostprocessing = 0;
		};
/* End PBXResourcesBuildPhase section */

/* Begin PBXSourcesBuildPhase section */
		22EECA5B19B4C0FB006C52DA /* Sources */ = {
			isa = PBXSourcesBuildPhase;
			buildActionMask = 2147483647;
			files = (
				22EECA8719B4C1CC006C52DA /* anotherVCClassViewController.m in Sources */,
				22EECA6B19B4C0FB006C52DA /* ViewController.m in Sources */,
				22EECA6819B4C0FB006C52DA /* AppDelegate.m in Sources */,
				22EECA6519B4C0FB006C52DA /* main.m in Sources */,
				22EECA8A19B4C4BA006C52DA /* onemore.m in Sources */,
			);
			runOnlyForDeploymentPostprocessing = 0;
		};
		22EECA7119B4C0FB006C52DA /* Sources */ = {
			isa = PBXSourcesBuildPhase;
			buildActionMask = 2147483647;
			files = (
				22EECA7C19B4C0FB006C52DA /* reneisthemanTests.m in Sources */,
			);
			runOnlyForDeploymentPostprocessing = 0;
		};
/* End PBXSourcesBuildPhase section */

/* Begin PBXTargetDependency section */
		22EECA7719B4C0FB006C52DA /* PBXTargetDependency */ = {
			isa = PBXTargetDependency;
			target = 22EECA5E19B4C0FB006C52DA /* reneistheman */;
			targetProxy = 22EECA7619B4C0FB006C52DA /* PBXContainerItemProxy */;
		};
/* End PBXTargetDependency section */

/* Begin PBXVariantGroup section */
		22EECA6C19B4C0FB006C52DA /* Main.storyboard */ = {
			isa = PBXVariantGroup;
			children = (
				22EECA6D19B4C0FB006C52DA /* Base */,
			);
			name = Main.storyboard;
			sourceTree = "<group>";
		};
/* End PBXVariantGroup section */

/* Begin XCBuildConfiguration section */
		22EECA7D19B4C0FB006C52DA /* Debug */ = {
			isa = XCBuildConfiguration;
			buildSettings = {
				ALWAYS_SEARCH_USER_PATHS = NO;
				CLANG_CXX_LANGUAGE_STANDARD = "gnu++0x";
				CLANG_CXX_LIBRARY = "libc++";
				CLANG_ENABLE_MODULES = YES;
				CLANG_ENABLE_OBJC_ARC = YES;
				CLANG_WARN_BOOL_CONVERSION = YES;
				CLANG_WARN_CONSTANT_CONVERSION = YES;
				CLANG_WARN_DIRECT_OBJC_ISA_USAGE = YES_ERROR;
				CLANG_WARN_EMPTY_BODY = YES;
				CLANG_WARN_ENUM_CONVERSION = YES;
				CLANG_WARN_INT_CONVERSION = YES;
				CLANG_WARN_OBJC_ROOT_CLASS = YES_ERROR;
				CLANG_WARN_UNREACHABLE_CODE = YES;
				CLANG_WARN__DUPLICATE_METHOD_MATCH = YES;
				"CODE_SIGN_IDENTITY[sdk=iphoneos*]" = "iPhone Developer";
				COPY_PHASE_STRIP = NO;
				ENABLE_STRICT_OBJC_MSGSEND = YES;
				GCC_C_LANGUAGE_STANDARD = gnu99;
				GCC_DYNAMIC_NO_PIC = NO;
				GCC_OPTIMIZATION_LEVEL = 0;
				GCC_PREPROCESSOR_DEFINITIONS = (
					"DEBUG=1",
					"$(inherited)",
				);
				GCC_SYMBOLS_PRIVATE_EXTERN = NO;
				GCC_WARN_64_TO_32_BIT_CONVERSION = YES;
				GCC_WARN_ABOUT_RETURN_TYPE = YES_ERROR;
				GCC_WARN_UNDECLARED_SELECTOR = YES;
				GCC_WARN_UNINITIALIZED_AUTOS = YES_AGGRESSIVE;
				GCC_WARN_UNUSED_FUNCTION = YES;
				GCC_WARN_UNUSED_VARIABLE = YES;
				IPHONEOS_DEPLOYMENT_TARGET = 8.0;
				MTL_ENABLE_DEBUG_INFO = YES;
				ONLY_ACTIVE_ARCH = YES;
				SDKROOT = iphoneos;
			};
			name = Debug;
		};
		22EECA7E19B4C0FB006C52DA /* Release */ = {
			isa = XCBuildConfiguration;
			buildSettings = {
				ALWAYS_SEARCH_USER_PATHS = NO;
				CLANG_CXX_LANGUAGE_STANDARD = "gnu++0x";
				CLANG_CXX_LIBRARY = "libc++";
				CLANG_ENABLE_MODULES = YES;
				CLANG_ENABLE_OBJC_ARC = YES;
				CLANG_WARN_BOOL_CONVERSION = YES;
				CLANG_WARN_CONSTANT_CONVERSION = YES;
				CLANG_WARN_DIRECT_OBJC_ISA_USAGE = YES_ERROR;
				CLANG_WARN_EMPTY_BODY = YES;
				CLANG_WARN_ENUM_CONVERSION = YES;
				CLANG_WARN_INT_CONVERSION = YES;
				CLANG_WARN_OBJC_ROOT_CLASS = YES_ERROR;
				CLANG_WARN_UNREACHABLE_CODE = YES;
				CLANG_WARN__DUPLICATE_METHOD_MATCH = YES;
				"CODE_SIGN_IDENTITY[sdk=iphoneos*]" = "iPhone Developer";
				COPY_PHASE_STRIP = YES;
				ENABLE_NS_ASSERTIONS = NO;
				ENABLE_STRICT_OBJC_MSGSEND = YES;
				GCC_C_LANGUAGE_STANDARD = gnu99;
				GCC_WARN_64_TO_32_BIT_CONVERSION = YES;
				GCC_WARN_ABOUT_RETURN_TYPE = YES_ERROR;
				GCC_WARN_UNDECLARED_SELECTOR = YES;
				GCC_WARN_UNINITIALIZED_AUTOS = YES_AGGRESSIVE;
				GCC_WARN_UNUSED_FUNCTION = YES;
				GCC_WARN_UNUSED_VARIABLE = YES;
				IPHONEOS_DEPLOYMENT_TARGET = 8.0;
				MTL_ENABLE_DEBUG_INFO = NO;
				SDKROOT = iphoneos;
				VALIDATE_PRODUCT = YES;
			};
			name = Release;
		};
		22EECA8019B4C0FB006C52DA /* Debug */ = {
			isa = XCBuildConfiguration;
			buildSettings = {
				ASSETCATALOG_COMPILER_APPICON_NAME = AppIcon;
				ASSETCATALOG_COMPILER_LAUNCHIMAGE_NAME = LaunchImage;
				INFOPLIST_FILE = reneistheman/Info.plist;
				LD_RUNPATH_SEARCH_PATHS = "$(inherited) @executable_path/Frameworks";
				PRODUCT_NAME = "$(TARGET_NAME)";
			};
			name = Debug;
		};
		22EECA8119B4C0FB006C52DA /* Release */ = {
			isa = XCBuildConfiguration;
			buildSettings = {
				ASSETCATALOG_COMPILER_APPICON_NAME = AppIcon;
				ASSETCATALOG_COMPILER_LAUNCHIMAGE_NAME = LaunchImage;
				INFOPLIST_FILE = reneistheman/Info.plist;
				LD_RUNPATH_SEARCH_PATHS = "$(inherited) @executable_path/Frameworks";
				PRODUCT_NAME = "$(TARGET_NAME)";
			};
			name = Release;
		};
		22EECA8319B4C0FB006C52DA /* Debug */ = {
			isa = XCBuildConfiguration;
			buildSettings = {
				BUNDLE_LOADER = "$(TEST_HOST)";
				FRAMEWORK_SEARCH_PATHS = (
					"$(SDKROOT)/Developer/Library/Frameworks",
					"$(inherited)",
				);
				GCC_PREPROCESSOR_DEFINITIONS = (
					"DEBUG=1",
					"$(inherited)",
				);
				INFOPLIST_FILE = reneisthemanTests/Info.plist;
				LD_RUNPATH_SEARCH_PATHS = "$(inherited) @executable_path/Frameworks @loader_path/Frameworks";
				PRODUCT_NAME = "$(TARGET_NAME)";
				TEST_HOST = "$(BUILT_PRODUCTS_DIR)/reneistheman.app/reneistheman";
			};
			name = Debug;
		};
		22EECA8419B4C0FB006C52DA /* Release */ = {
			isa = XCBuildConfiguration;
			buildSettings = {
				BUNDLE_LOADER = "$(TEST_HOST)";
				FRAMEWORK_SEARCH_PATHS = (
					"$(SDKROOT)/Developer/Library/Frameworks",
					"$(inherited)",
				);
				INFOPLIST_FILE = reneisthemanTests/Info.plist;
				LD_RUNPATH_SEARCH_PATHS = "$(inherited) @executable_path/Frameworks @loader_path/Frameworks";
				PRODUCT_NAME = "$(TARGET_NAME)";
				TEST_HOST = "$(BUILT_PRODUCTS_DIR)/reneistheman.app/reneistheman";
			};
			name = Release;
		};
/* End XCBuildConfiguration section */

/* Begin XCConfigurationList section */
		22EECA5A19B4C0FB006C52DA /* Build configuration list for PBXProject "reneistheman" */ = {
			isa = XCConfigurationList;
			buildConfigurations = (
				22EECA7D19B4C0FB006C52DA /* Debug */,
				22EECA7E19B4C0FB006C52DA /* Release */,
			);
			defaultConfigurationIsVisible = 0;
			defaultConfigurationName = Release;
		};
		22EECA7F19B4C0FB006C52DA /* Build configuration list for PBXNativeTarget "reneistheman" */ = {
			isa = XCConfigurationList;
			buildConfigurations = (
				22EECA8019B4C0FB006C52DA /* Debug */,
				22EECA8119B4C0FB006C52DA /* Release */,
			);
			defaultConfigurationIsVisible = 0;
		};
		22EECA8219B4C0FB006C52DA /* Build configuration list for PBXNativeTarget "reneisthemanTests" */ = {
			isa = XCConfigurationList;
			buildConfigurations = (
				22EECA8319B4C0FB006C52DA /* Debug */,
				22EECA8419B4C0FB006C52DA /* Release */,
			);
			defaultConfigurationIsVisible = 0;
		};
/* End XCConfigurationList section */
	};
	rootObject = 22EECA5719B4C0FB006C52DA /* Project object */;
}
